// !$*UTF8*$!
{
	archiveVersion = 1;
	classes = {
	};
	objectVersion = 77;
	objects = {

/* Begin PBXBuildFile section */
		1F1696E92E7DC7D6008D9DA5 /* AppDelegate.swift in Sources */ = {isa = PBXBuildFile; fileRef = 1F1696E82E7DC7D6008D9DA5 /* AppDelegate.swift */; };
		1F1696EB2E7DC7D6008D9DA5 /* SceneDelegate.swift in Sources */ = {isa = PBXBuildFile; fileRef = 1F1696EA2E7DC7D6008D9DA5 /* SceneDelegate.swift */; };
		1F1696EE2E7DC7D6008D9DA5 /* LaunchScreen.storyboard in Resources */ = {isa = PBXBuildFile; fileRef = 1F1696EC2E7DC7D6008D9DA5 /* LaunchScreen.storyboard */; };
		1F1696F12E7DC7D6008D9DA5 /* Main.storyboard in Resources */ = {isa = PBXBuildFile; fileRef = 1F1696EF2E7DC7D6008D9DA5 /* Main.storyboard */; };
		1F1696FA2E7DC7D6008D9DA5 /* AppDelegate.swift in Sources */ = {isa = PBXBuildFile; fileRef = 1F1696F92E7DC7D6008D9DA5 /* AppDelegate.swift */; };
		1F1696FD2E7DC7D6008D9DA5 /* Main.storyboard in Resources */ = {isa = PBXBuildFile; fileRef = 1F1696FB2E7DC7D6008D9DA5 /* Main.storyboard */; };
		1F1697042E7DC7D6008D9DA5 /* Pinpoint Accessibility Checker Extension.appex in Embed Foundation Extensions */ = {isa = PBXBuildFile; fileRef = 1F1697032E7DC7D6008D9DA5 /* Pinpoint Accessibility Checker Extension.appex */; settings = {ATTRIBUTES = (RemoveHeadersOnCopy, ); }; };
		1F16970E2E7DC7D6008D9DA5 /* Pinpoint Accessibility Checker Extension.appex in Embed Foundation Extensions */ = {isa = PBXBuildFile; fileRef = 1F16970D2E7DC7D6008D9DA5 /* Pinpoint Accessibility Checker Extension.appex */; settings = {ATTRIBUTES = (RemoveHeadersOnCopy, ); }; };
		1F1697132E7DC7D6008D9DA5 /* Main.html in Resources */ = {isa = PBXBuildFile; fileRef = 1F1696D82E7DC7D5008D9DA5 /* Main.html */; };
		1F1697142E7DC7D6008D9DA5 /* Main.html in Resources */ = {isa = PBXBuildFile; fileRef = 1F1696D82E7DC7D5008D9DA5 /* Main.html */; };
		1F1697152E7DC7D6008D9DA5 /* Icon.png in Resources */ = {isa = PBXBuildFile; fileRef = 1F1696DA2E7DC7D5008D9DA5 /* Icon.png */; };
		1F1697162E7DC7D6008D9DA5 /* Icon.png in Resources */ = {isa = PBXBuildFile; fileRef = 1F1696DA2E7DC7D5008D9DA5 /* Icon.png */; };
		1F1697172E7DC7D6008D9DA5 /* Style.css in Resources */ = {isa = PBXBuildFile; fileRef = 1F1696DB2E7DC7D5008D9DA5 /* Style.css */; };
		1F1697182E7DC7D6008D9DA5 /* Style.css in Resources */ = {isa = PBXBuildFile; fileRef = 1F1696DB2E7DC7D5008D9DA5 /* Style.css */; };
		1F1697192E7DC7D6008D9DA5 /* Script.js in Resources */ = {isa = PBXBuildFile; fileRef = 1F1696DC2E7DC7D5008D9DA5 /* Script.js */; };
		1F16971A2E7DC7D6008D9DA5 /* Script.js in Resources */ = {isa = PBXBuildFile; fileRef = 1F1696DC2E7DC7D5008D9DA5 /* Script.js */; };
		1F16971B2E7DC7D6008D9DA5 /* ViewController.swift in Sources */ = {isa = PBXBuildFile; fileRef = 1F1696DD2E7DC7D5008D9DA5 /* ViewController.swift */; };
		1F16971C2E7DC7D6008D9DA5 /* ViewController.swift in Sources */ = {isa = PBXBuildFile; fileRef = 1F1696DD2E7DC7D5008D9DA5 /* ViewController.swift */; };
		1F16971D2E7DC7D6008D9DA5 /* Assets.xcassets in Resources */ = {isa = PBXBuildFile; fileRef = 1F1696DE2E7DC7D6008D9DA5 /* Assets.xcassets */; };
		1F16971E2E7DC7D6008D9DA5 /* Assets.xcassets in Resources */ = {isa = PBXBuildFile; fileRef = 1F1696DE2E7DC7D6008D9DA5 /* Assets.xcassets */; };
		1F16971F2E7DC7D6008D9DA5 /* SafariWebExtensionHandler.swift in Sources */ = {isa = PBXBuildFile; fileRef = 1F1696E02E7DC7D6008D9DA5 /* SafariWebExtensionHandler.swift */; };
		1F1697202E7DC7D6008D9DA5 /* SafariWebExtensionHandler.swift in Sources */ = {isa = PBXBuildFile; fileRef = 1F1696E02E7DC7D6008D9DA5 /* SafariWebExtensionHandler.swift */; };
		1F16973A2E7DC7D7008D9DA5 /* popup.js in Resources */ = {isa = PBXBuildFile; fileRef = 1F1697322E7DC7D7008D9DA5 /* popup.js */; };
		1F16973B2E7DC7D7008D9DA5 /* background.js in Resources */ = {isa = PBXBuildFile; fileRef = 1F1697332E7DC7D7008D9DA5 /* background.js */; };
		1F16973C2E7DC7D7008D9DA5 /* popup.html in Resources */ = {isa = PBXBuildFile; fileRef = 1F1697342E7DC7D7008D9DA5 /* popup.html */; };
		1F16973D2E7DC7D7008D9DA5 /* accessibility-checker.js in Resources */ = {isa = PBXBuildFile; fileRef = 1F1697352E7DC7D7008D9DA5 /* accessibility-checker.js */; };
		1F16973E2E7DC7D7008D9DA5 /* icons in Resources */ = {isa = PBXBuildFile; fileRef = 1F1697362E7DC7D7008D9DA5 /* icons */; };
		1F16973F2E7DC7D7008D9DA5 /* manifest.json in Resources */ = {isa = PBXBuildFile; fileRef = 1F1697372E7DC7D7008D9DA5 /* manifest.json */; };
		1F1697402E7DC7D7008D9DA5 /* content-script.js in Resources */ = {isa = PBXBuildFile; fileRef = 1F1697382E7DC7D7008D9DA5 /* content-script.js */; };
		1F1697412E7DC7D7008D9DA5 /* popup.css in Resources */ = {isa = PBXBuildFile; fileRef = 1F1697392E7DC7D7008D9DA5 /* popup.css */; };
		1F1697422E7DC7D7008D9DA5 /* popup.js in Resources */ = {isa = PBXBuildFile; fileRef = 1F1697322E7DC7D7008D9DA5 /* popup.js */; };
		1F1697432E7DC7D7008D9DA5 /* background.js in Resources */ = {isa = PBXBuildFile; fileRef = 1F1697332E7DC7D7008D9DA5 /* background.js */; };
		1F1697442E7DC7D7008D9DA5 /* popup.html in Resources */ = {isa = PBXBuildFile; fileRef = 1F1697342E7DC7D7008D9DA5 /* popup.html */; };
		1F1697452E7DC7D7008D9DA5 /* accessibility-checker.js in Resources */ = {isa = PBXBuildFile; fileRef = 1F1697352E7DC7D7008D9DA5 /* accessibility-checker.js */; };
		1F1697462E7DC7D7008D9DA5 /* icons in Resources */ = {isa = PBXBuildFile; fileRef = 1F1697362E7DC7D7008D9DA5 /* icons */; };
		1F1697472E7DC7D7008D9DA5 /* manifest.json in Resources */ = {isa = PBXBuildFile; fileRef = 1F1697372E7DC7D7008D9DA5 /* manifest.json */; };
		1F1697482E7DC7D7008D9DA5 /* content-script.js in Resources */ = {isa = PBXBuildFile; fileRef = 1F1697382E7DC7D7008D9DA5 /* content-script.js */; };
		1F1697492E7DC7D7008D9DA5 /* popup.css in Resources */ = {isa = PBXBuildFile; fileRef = 1F1697392E7DC7D7008D9DA5 /* popup.css */; };
/* End PBXBuildFile section */

/* Begin PBXContainerItemProxy section */
		1F1697052E7DC7D6008D9DA5 /* PBXContainerItemProxy */ = {
			isa = PBXContainerItemProxy;
			containerPortal = 1F1696D22E7DC7D5008D9DA5 /* Project object */;
			proxyType = 1;
			remoteGlobalIDString = 1F1697022E7DC7D6008D9DA5;
			remoteInfo = "Pinpoint Accessibility Checker Extension (iOS)";
		};
		1F16970F2E7DC7D6008D9DA5 /* PBXContainerItemProxy */ = {
			isa = PBXContainerItemProxy;
			containerPortal = 1F1696D22E7DC7D5008D9DA5 /* Project object */;
			proxyType = 1;
			remoteGlobalIDString = 1F16970C2E7DC7D6008D9DA5;
			remoteInfo = "Pinpoint Accessibility Checker Extension (macOS)";
		};
/* End PBXContainerItemProxy section */

/* Begin PBXCopyFilesBuildPhase section */
		1F1697262E7DC7D6008D9DA5 /* Embed Foundation Extensions */ = {
			isa = PBXCopyFilesBuildPhase;
			buildActionMask = 2147483647;
			dstPath = "";
			dstSubfolderSpec = 13;
			files = (
				1F1697042E7DC7D6008D9DA5 /* Pinpoint Accessibility Checker Extension.appex in Embed Foundation Extensions */,
			);
			name = "Embed Foundation Extensions";
			runOnlyForDeploymentPostprocessing = 0;
		};
		1F16972D2E7DC7D6008D9DA5 /* Embed Foundation Extensions */ = {
			isa = PBXCopyFilesBuildPhase;
			buildActionMask = 2147483647;
			dstPath = "";
			dstSubfolderSpec = 13;
			files = (
				1F16970E2E7DC7D6008D9DA5 /* Pinpoint Accessibility Checker Extension.appex in Embed Foundation Extensions */,
			);
			name = "Embed Foundation Extensions";
			runOnlyForDeploymentPostprocessing = 0;
		};
/* End PBXCopyFilesBuildPhase section */

/* Begin PBXFileReference section */
		1F1696D92E7DC7D5008D9DA5 /* Base */ = {isa = PBXFileReference; lastKnownFileType = text.html; name = Base; path = Base.lproj/Main.html; sourceTree = "<group>"; };
		1F1696DA2E7DC7D5008D9DA5 /* Icon.png */ = {isa = PBXFileReference; lastKnownFileType = image.png; path = Icon.png; sourceTree = "<group>"; };
		1F1696DB2E7DC7D5008D9DA5 /* Style.css */ = {isa = PBXFileReference; lastKnownFileType = text.css; path = Style.css; sourceTree = "<group>"; };
		1F1696DC2E7DC7D5008D9DA5 /* Script.js */ = {isa = PBXFileReference; lastKnownFileType = sourcecode.javascript; path = Script.js; sourceTree = "<group>"; };
		1F1696DD2E7DC7D5008D9DA5 /* ViewController.swift */ = {isa = PBXFileReference; lastKnownFileType = sourcecode.swift; path = ViewController.swift; sourceTree = "<group>"; };
		1F1696DE2E7DC7D6008D9DA5 /* Assets.xcassets */ = {isa = PBXFileReference; lastKnownFileType = folder.assetcatalog; path = Assets.xcassets; sourceTree = "<group>"; };
		1F1696E02E7DC7D6008D9DA5 /* SafariWebExtensionHandler.swift */ = {isa = PBXFileReference; lastKnownFileType = sourcecode.swift; path = SafariWebExtensionHandler.swift; sourceTree = "<group>"; };
		1F1696E52E7DC7D6008D9DA5 /* Pinpoint Accessibility Checker.app */ = {isa = PBXFileReference; explicitFileType = wrapper.application; includeInIndex = 0; path = "Pinpoint Accessibility Checker.app"; sourceTree = BUILT_PRODUCTS_DIR; };
		1F1696E82E7DC7D6008D9DA5 /* AppDelegate.swift */ = {isa = PBXFileReference; lastKnownFileType = sourcecode.swift; path = AppDelegate.swift; sourceTree = "<group>"; };
		1F1696EA2E7DC7D6008D9DA5 /* SceneDelegate.swift */ = {isa = PBXFileReference; lastKnownFileType = sourcecode.swift; path = SceneDelegate.swift; sourceTree = "<group>"; };
		1F1696ED2E7DC7D6008D9DA5 /* Base */ = {isa = PBXFileReference; lastKnownFileType = file.storyboard; name = Base; path = Base.lproj/LaunchScreen.storyboard; sourceTree = "<group>"; };
		1F1696F02E7DC7D6008D9DA5 /* Base */ = {isa = PBXFileReference; lastKnownFileType = file.storyboard; name = Base; path = Base.lproj/Main.storyboard; sourceTree = "<group>"; };
		1F1696F22E7DC7D6008D9DA5 /* Info.plist */ = {isa = PBXFileReference; lastKnownFileType = text.plist.xml; path = Info.plist; sourceTree = "<group>"; };
		1F1696F72E7DC7D6008D9DA5 /* Pinpoint Accessibility Checker.app */ = {isa = PBXFileReference; explicitFileType = wrapper.application; includeInIndex = 0; path = "Pinpoint Accessibility Checker.app"; sourceTree = BUILT_PRODUCTS_DIR; };
		1F1696F92E7DC7D6008D9DA5 /* AppDelegate.swift */ = {isa = PBXFileReference; lastKnownFileType = sourcecode.swift; path = AppDelegate.swift; sourceTree = "<group>"; };
		1F1696FC2E7DC7D6008D9DA5 /* Base */ = {isa = PBXFileReference; lastKnownFileType = file.storyboard; name = Base; path = Base.lproj/Main.storyboard; sourceTree = "<group>"; };
		1F1696FE2E7DC7D6008D9DA5 /* Info.plist */ = {isa = PBXFileReference; lastKnownFileType = text.plist.xml; path = Info.plist; sourceTree = "<group>"; };
		1F1697032E7DC7D6008D9DA5 /* Pinpoint Accessibility Checker Extension.appex */ = {isa = PBXFileReference; explicitFileType = "wrapper.app-extension"; includeInIndex = 0; path = "Pinpoint Accessibility Checker Extension.appex"; sourceTree = BUILT_PRODUCTS_DIR; };
		1F1697082E7DC7D6008D9DA5 /* Info.plist */ = {isa = PBXFileReference; lastKnownFileType = text.plist.xml; path = Info.plist; sourceTree = "<group>"; };
		1F16970D2E7DC7D6008D9DA5 /* Pinpoint Accessibility Checker Extension.appex */ = {isa = PBXFileReference; explicitFileType = "wrapper.app-extension"; includeInIndex = 0; path = "Pinpoint Accessibility Checker Extension.appex"; sourceTree = BUILT_PRODUCTS_DIR; };
		1F1697122E7DC7D6008D9DA5 /* Info.plist */ = {isa = PBXFileReference; lastKnownFileType = text.plist.xml; path = Info.plist; sourceTree = "<group>"; };
		1F1697322E7DC7D7008D9DA5 /* popup.js */ = {isa = PBXFileReference; lastKnownFileType = sourcecode.javascript; name = popup.js; path = Resources/popup.js; sourceTree = "<group>"; };
		1F1697332E7DC7D7008D9DA5 /* background.js */ = {isa = PBXFileReference; lastKnownFileType = sourcecode.javascript; name = background.js; path = Resources/background.js; sourceTree = "<group>"; };
		1F1697342E7DC7D7008D9DA5 /* popup.html */ = {isa = PBXFileReference; lastKnownFileType = text.html; name = popup.html; path = Resources/popup.html; sourceTree = "<group>"; };
		1F1697352E7DC7D7008D9DA5 /* accessibility-checker.js */ = {isa = PBXFileReference; lastKnownFileType = sourcecode.javascript; name = "accessibility-checker.js"; path = "Resources/accessibility-checker.js"; sourceTree = "<group>"; };
		1F1697362E7DC7D7008D9DA5 /* icons */ = {isa = PBXFileReference; lastKnownFileType = folder; name = icons; path = Resources/icons; sourceTree = "<group>"; };
		1F1697372E7DC7D7008D9DA5 /* manifest.json */ = {isa = PBXFileReference; lastKnownFileType = text.json; name = manifest.json; path = Resources/manifest.json; sourceTree = "<group>"; };
		1F1697382E7DC7D7008D9DA5 /* content-script.js */ = {isa = PBXFileReference; lastKnownFileType = sourcecode.javascript; name = "content-script.js"; path = "Resources/content-script.js"; sourceTree = "<group>"; };
		1F1697392E7DC7D7008D9DA5 /* popup.css */ = {isa = PBXFileReference; lastKnownFileType = text.css; name = popup.css; path = Resources/popup.css; sourceTree = "<group>"; };
/* End PBXFileReference section */

/* Begin PBXFrameworksBuildPhase section */
		1F1696E22E7DC7D6008D9DA5 /* Frameworks */ = {
			isa = PBXFrameworksBuildPhase;
			buildActionMask = 2147483647;
			files = (
			);
			runOnlyForDeploymentPostprocessing = 0;
		};
		1F1696F42E7DC7D6008D9DA5 /* Frameworks */ = {
			isa = PBXFrameworksBuildPhase;
			buildActionMask = 2147483647;
			files = (
			);
			runOnlyForDeploymentPostprocessing = 0;
		};
		1F1697002E7DC7D6008D9DA5 /* Frameworks */ = {
			isa = PBXFrameworksBuildPhase;
			buildActionMask = 2147483647;
			files = (
			);
			runOnlyForDeploymentPostprocessing = 0;
		};
		1F16970A2E7DC7D6008D9DA5 /* Frameworks */ = {
			isa = PBXFrameworksBuildPhase;
			buildActionMask = 2147483647;
			files = (
			);
			runOnlyForDeploymentPostprocessing = 0;
		};
/* End PBXFrameworksBuildPhase section */

/* Begin PBXGroup section */
		1F1696D12E7DC7D5008D9DA5 = {
			isa = PBXGroup;
			children = (
				1F1696D62E7DC7D5008D9DA5 /* Shared (App) */,
				1F1696DF2E7DC7D6008D9DA5 /* Shared (Extension) */,
				1F1696E72E7DC7D6008D9DA5 /* iOS (App) */,
				1F1696F82E7DC7D6008D9DA5 /* macOS (App) */,
				1F1697072E7DC7D6008D9DA5 /* iOS (Extension) */,
				1F1697112E7DC7D6008D9DA5 /* macOS (Extension) */,
				1F1696E62E7DC7D6008D9DA5 /* Products */,
			);
			sourceTree = "<group>";
		};
		1F1696D62E7DC7D5008D9DA5 /* Shared (App) */ = {
			isa = PBXGroup;
			children = (
				1F1696DD2E7DC7D5008D9DA5 /* ViewController.swift */,
				1F1696DE2E7DC7D6008D9DA5 /* Assets.xcassets */,
				1F1696D72E7DC7D5008D9DA5 /* Resources */,
			);
			path = "Shared (App)";
			sourceTree = "<group>";
		};
		1F1696D72E7DC7D5008D9DA5 /* Resources */ = {
			isa = PBXGroup;
			children = (
				1F1696D82E7DC7D5008D9DA5 /* Main.html */,
				1F1696DA2E7DC7D5008D9DA5 /* Icon.png */,
				1F1696DB2E7DC7D5008D9DA5 /* Style.css */,
				1F1696DC2E7DC7D5008D9DA5 /* Script.js */,
			);
			path = Resources;
			sourceTree = "<group>";
		};
		1F1696DF2E7DC7D6008D9DA5 /* Shared (Extension) */ = {
			isa = PBXGroup;
			children = (
				1F1697312E7DC7D7008D9DA5 /* Resources */,
				1F1696E02E7DC7D6008D9DA5 /* SafariWebExtensionHandler.swift */,
			);
			path = "Shared (Extension)";
			sourceTree = "<group>";
		};
		1F1696E62E7DC7D6008D9DA5 /* Products */ = {
			isa = PBXGroup;
			children = (
				1F1696E52E7DC7D6008D9DA5 /* Pinpoint Accessibility Checker.app */,
				1F1696F72E7DC7D6008D9DA5 /* Pinpoint Accessibility Checker.app */,
				1F1697032E7DC7D6008D9DA5 /* Pinpoint Accessibility Checker Extension.appex */,
				1F16970D2E7DC7D6008D9DA5 /* Pinpoint Accessibility Checker Extension.appex */,
			);
			name = Products;
			sourceTree = "<group>";
		};
		1F1696E72E7DC7D6008D9DA5 /* iOS (App) */ = {
			isa = PBXGroup;
			children = (
				1F1696E82E7DC7D6008D9DA5 /* AppDelegate.swift */,
				1F1696EA2E7DC7D6008D9DA5 /* SceneDelegate.swift */,
				1F1696EC2E7DC7D6008D9DA5 /* LaunchScreen.storyboard */,
				1F1696EF2E7DC7D6008D9DA5 /* Main.storyboard */,
				1F1696F22E7DC7D6008D9DA5 /* Info.plist */,
			);
			path = "iOS (App)";
			sourceTree = "<group>";
		};
		1F1696F82E7DC7D6008D9DA5 /* macOS (App) */ = {
			isa = PBXGroup;
			children = (
				1F1696F92E7DC7D6008D9DA5 /* AppDelegate.swift */,
				1F1696FB2E7DC7D6008D9DA5 /* Main.storyboard */,
				1F1696FE2E7DC7D6008D9DA5 /* Info.plist */,
			);
			path = "macOS (App)";
			sourceTree = "<group>";
		};
		1F1697072E7DC7D6008D9DA5 /* iOS (Extension) */ = {
			isa = PBXGroup;
			children = (
				1F1697082E7DC7D6008D9DA5 /* Info.plist */,
			);
			path = "iOS (Extension)";
			sourceTree = "<group>";
		};
		1F1697112E7DC7D6008D9DA5 /* macOS (Extension) */ = {
			isa = PBXGroup;
			children = (
				1F1697122E7DC7D6008D9DA5 /* Info.plist */,
			);
			path = "macOS (Extension)";
			sourceTree = "<group>";
		};
		1F1697312E7DC7D7008D9DA5 /* Resources */ = {
			isa = PBXGroup;
			children = (
				1F1697322E7DC7D7008D9DA5 /* popup.js */,
				1F1697332E7DC7D7008D9DA5 /* background.js */,
				1F1697342E7DC7D7008D9DA5 /* popup.html */,
				1F1697352E7DC7D7008D9DA5 /* accessibility-checker.js */,
				1F1697362E7DC7D7008D9DA5 /* icons */,
				1F1697372E7DC7D7008D9DA5 /* manifest.json */,
				1F1697382E7DC7D7008D9DA5 /* content-script.js */,
				1F1697392E7DC7D7008D9DA5 /* popup.css */,
			);
			name = Resources;
			path = "Shared (Extension)";
			sourceTree = SOURCE_ROOT;
		};
/* End PBXGroup section */

/* Begin PBXNativeTarget section */
		1F1696E42E7DC7D6008D9DA5 /* Pinpoint Accessibility Checker (iOS) */ = {
			isa = PBXNativeTarget;
			buildConfigurationList = 1F1697272E7DC7D6008D9DA5 /* Build configuration list for PBXNativeTarget "Pinpoint Accessibility Checker (iOS)" */;
			buildPhases = (
				1F1696E12E7DC7D6008D9DA5 /* Sources */,
				1F1696E22E7DC7D6008D9DA5 /* Frameworks */,
				1F1696E32E7DC7D6008D9DA5 /* Resources */,
				1F1697262E7DC7D6008D9DA5 /* Embed Foundation Extensions */,
			);
			buildRules = (
			);
			dependencies = (
				1F1697062E7DC7D6008D9DA5 /* PBXTargetDependency */,
			);
			name = "Pinpoint Accessibility Checker (iOS)";
			packageProductDependencies = (
			);
			productName = "Pinpoint Accessibility Checker (iOS)";
			productReference = 1F1696E52E7DC7D6008D9DA5 /* Pinpoint Accessibility Checker.app */;
			productType = "com.apple.product-type.application";
		};
		1F1696F62E7DC7D6008D9DA5 /* Pinpoint Accessibility Checker (macOS) */ = {
			isa = PBXNativeTarget;
			buildConfigurationList = 1F16972E2E7DC7D6008D9DA5 /* Build configuration list for PBXNativeTarget "Pinpoint Accessibility Checker (macOS)" */;
			buildPhases = (
				1F1696F32E7DC7D6008D9DA5 /* Sources */,
				1F1696F42E7DC7D6008D9DA5 /* Frameworks */,
				1F1696F52E7DC7D6008D9DA5 /* Resources */,
				1F16972D2E7DC7D6008D9DA5 /* Embed Foundation Extensions */,
			);
			buildRules = (
			);
			dependencies = (
				1F1697102E7DC7D6008D9DA5 /* PBXTargetDependency */,
			);
			name = "Pinpoint Accessibility Checker (macOS)";
			packageProductDependencies = (
			);
			productName = "Pinpoint Accessibility Checker (macOS)";
			productReference = 1F1696F72E7DC7D6008D9DA5 /* Pinpoint Accessibility Checker.app */;
			productType = "com.apple.product-type.application";
		};
		1F1697022E7DC7D6008D9DA5 /* Pinpoint Accessibility Checker Extension (iOS) */ = {
			isa = PBXNativeTarget;
			buildConfigurationList = 1F1697232E7DC7D6008D9DA5 /* Build configuration list for PBXNativeTarget "Pinpoint Accessibility Checker Extension (iOS)" */;
			buildPhases = (
				1F1696FF2E7DC7D6008D9DA5 /* Sources */,
				1F1697002E7DC7D6008D9DA5 /* Frameworks */,
				1F1697012E7DC7D6008D9DA5 /* Resources */,
			);
			buildRules = (
			);
			dependencies = (
			);
			name = "Pinpoint Accessibility Checker Extension (iOS)";
			packageProductDependencies = (
			);
			productName = "Pinpoint Accessibility Checker Extension (iOS)";
			productReference = 1F1697032E7DC7D6008D9DA5 /* Pinpoint Accessibility Checker Extension.appex */;
			productType = "com.apple.product-type.app-extension";
		};
		1F16970C2E7DC7D6008D9DA5 /* Pinpoint Accessibility Checker Extension (macOS) */ = {
			isa = PBXNativeTarget;
			buildConfigurationList = 1F16972A2E7DC7D6008D9DA5 /* Build configuration list for PBXNativeTarget "Pinpoint Accessibility Checker Extension (macOS)" */;
			buildPhases = (
				1F1697092E7DC7D6008D9DA5 /* Sources */,
				1F16970A2E7DC7D6008D9DA5 /* Frameworks */,
				1F16970B2E7DC7D6008D9DA5 /* Resources */,
			);
			buildRules = (
			);
			dependencies = (
			);
			name = "Pinpoint Accessibility Checker Extension (macOS)";
			packageProductDependencies = (
			);
			productName = "Pinpoint Accessibility Checker Extension (macOS)";
			productReference = 1F16970D2E7DC7D6008D9DA5 /* Pinpoint Accessibility Checker Extension.appex */;
			productType = "com.apple.product-type.app-extension";
		};
/* End PBXNativeTarget section */

/* Begin PBXProject section */
		1F1696D22E7DC7D5008D9DA5 /* Project object */ = {
			isa = PBXProject;
			attributes = {
				BuildIndependentTargetsInParallel = 1;
				LastSwiftUpdateCheck = 2600;
				LastUpgradeCheck = 2600;
				TargetAttributes = {
					1F1696E42E7DC7D6008D9DA5 = {
						CreatedOnToolsVersion = 26.0;
					};
					1F1696F62E7DC7D6008D9DA5 = {
						CreatedOnToolsVersion = 26.0;
					};
					1F1697022E7DC7D6008D9DA5 = {
						CreatedOnToolsVersion = 26.0;
					};
					1F16970C2E7DC7D6008D9DA5 = {
						CreatedOnToolsVersion = 26.0;
					};
				};
			};
			buildConfigurationList = 1F1696D52E7DC7D5008D9DA5 /* Build configuration list for PBXProject "Pinpoint Accessibility Checker" */;
			developmentRegion = en;
			hasScannedForEncodings = 0;
			knownRegions = (
				en,
				Base,
			);
			mainGroup = 1F1696D12E7DC7D5008D9DA5;
			minimizedProjectReferenceProxies = 1;
			preferredProjectObjectVersion = 77;
			productRefGroup = 1F1696E62E7DC7D6008D9DA5 /* Products */;
			projectDirPath = "";
			projectRoot = "";
			targets = (
				1F1696E42E7DC7D6008D9DA5 /* Pinpoint Accessibility Checker (iOS) */,
				1F1696F62E7DC7D6008D9DA5 /* Pinpoint Accessibility Checker (macOS) */,
				1F1697022E7DC7D6008D9DA5 /* Pinpoint Accessibility Checker Extension (iOS) */,
				1F16970C2E7DC7D6008D9DA5 /* Pinpoint Accessibility Checker Extension (macOS) */,
			);
		};
/* End PBXProject section */

/* Begin PBXResourcesBuildPhase section */
		1F1696E32E7DC7D6008D9DA5 /* Resources */ = {
			isa = PBXResourcesBuildPhase;
			buildActionMask = 2147483647;
			files = (
				1F1697152E7DC7D6008D9DA5 /* Icon.png in Resources */,
				1F1696EE2E7DC7D6008D9DA5 /* LaunchScreen.storyboard in Resources */,
				1F1697132E7DC7D6008D9DA5 /* Main.html in Resources */,
				1F1697192E7DC7D6008D9DA5 /* Script.js in Resources */,
				1F16971D2E7DC7D6008D9DA5 /* Assets.xcassets in Resources */,
				1F1696F12E7DC7D6008D9DA5 /* Main.storyboard in Resources */,
				1F1697172E7DC7D6008D9DA5 /* Style.css in Resources */,
			);
			runOnlyForDeploymentPostprocessing = 0;
		};
		1F1696F52E7DC7D6008D9DA5 /* Resources */ = {
			isa = PBXResourcesBuildPhase;
			buildActionMask = 2147483647;
			files = (
				1F1697162E7DC7D6008D9DA5 /* Icon.png in Resources */,
				1F1697182E7DC7D6008D9DA5 /* Style.css in Resources */,
				1F1696FD2E7DC7D6008D9DA5 /* Main.storyboard in Resources */,
				1F16971A2E7DC7D6008D9DA5 /* Script.js in Resources */,
				1F16971E2E7DC7D6008D9DA5 /* Assets.xcassets in Resources */,
				1F1697142E7DC7D6008D9DA5 /* Main.html in Resources */,
			);
			runOnlyForDeploymentPostprocessing = 0;
		};
		1F1697012E7DC7D6008D9DA5 /* Resources */ = {
			isa = PBXResourcesBuildPhase;
			buildActionMask = 2147483647;
			files = (
				1F1697482E7DC7D7008D9DA5 /* content-script.js in Resources */,
				1F1697432E7DC7D7008D9DA5 /* background.js in Resources */,
				1F1697452E7DC7D7008D9DA5 /* accessibility-checker.js in Resources */,
				1F1697442E7DC7D7008D9DA5 /* popup.html in Resources */,
				1F1697492E7DC7D7008D9DA5 /* popup.css in Resources */,
				1F1697462E7DC7D7008D9DA5 /* icons in Resources */,
				1F1697472E7DC7D7008D9DA5 /* manifest.json in Resources */,
				1F1697422E7DC7D7008D9DA5 /* popup.js in Resources */,
			);
			runOnlyForDeploymentPostprocessing = 0;
		};
		1F16970B2E7DC7D6008D9DA5 /* Resources */ = {
			isa = PBXResourcesBuildPhase;
			buildActionMask = 2147483647;
			files = (
				1F1697402E7DC7D7008D9DA5 /* content-script.js in Resources */,
				1F16973B2E7DC7D7008D9DA5 /* background.js in Resources */,
				1F16973D2E7DC7D7008D9DA5 /* accessibility-checker.js in Resources */,
				1F16973C2E7DC7D7008D9DA5 /* popup.html in Resources */,
				1F1697412E7DC7D7008D9DA5 /* popup.css in Resources */,
				1F16973E2E7DC7D7008D9DA5 /* icons in Resources */,
				1F16973F2E7DC7D7008D9DA5 /* manifest.json in Resources */,
				1F16973A2E7DC7D7008D9DA5 /* popup.js in Resources */,
			);
			runOnlyForDeploymentPostprocessing = 0;
		};
/* End PBXResourcesBuildPhase section */

/* Begin PBXSourcesBuildPhase section */
		1F1696E12E7DC7D6008D9DA5 /* Sources */ = {
			isa = PBXSourcesBuildPhase;
			buildActionMask = 2147483647;
			files = (
				1F16971B2E7DC7D6008D9DA5 /* ViewController.swift in Sources */,
				1F1696E92E7DC7D6008D9DA5 /* AppDelegate.swift in Sources */,
				1F1696EB2E7DC7D6008D9DA5 /* SceneDelegate.swift in Sources */,
			);
			runOnlyForDeploymentPostprocessing = 0;
		};
		1F1696F32E7DC7D6008D9DA5 /* Sources */ = {
			isa = PBXSourcesBuildPhase;
			buildActionMask = 2147483647;
			files = (
				1F16971C2E7DC7D6008D9DA5 /* ViewController.swift in Sources */,
				1F1696FA2E7DC7D6008D9DA5 /* AppDelegate.swift in Sources */,
			);
			runOnlyForDeploymentPostprocessing = 0;
		};
		1F1696FF2E7DC7D6008D9DA5 /* Sources */ = {
			isa = PBXSourcesBuildPhase;
			buildActionMask = 2147483647;
			files = (
				1F16971F2E7DC7D6008D9DA5 /* SafariWebExtensionHandler.swift in Sources */,
			);
			runOnlyForDeploymentPostprocessing = 0;
		};
		1F1697092E7DC7D6008D9DA5 /* Sources */ = {
			isa = PBXSourcesBuildPhase;
			buildActionMask = 2147483647;
			files = (
				1F1697202E7DC7D6008D9DA5 /* SafariWebExtensionHandler.swift in Sources */,
			);
			runOnlyForDeploymentPostprocessing = 0;
		};
/* End PBXSourcesBuildPhase section */

/* Begin PBXTargetDependency section */
		1F1697062E7DC7D6008D9DA5 /* PBXTargetDependency */ = {
			isa = PBXTargetDependency;
			target = 1F1697022E7DC7D6008D9DA5 /* Pinpoint Accessibility Checker Extension (iOS) */;
			targetProxy = 1F1697052E7DC7D6008D9DA5 /* PBXContainerItemProxy */;
		};
		1F1697102E7DC7D6008D9DA5 /* PBXTargetDependency */ = {
			isa = PBXTargetDependency;
			target = 1F16970C2E7DC7D6008D9DA5 /* Pinpoint Accessibility Checker Extension (macOS) */;
			targetProxy = 1F16970F2E7DC7D6008D9DA5 /* PBXContainerItemProxy */;
		};
/* End PBXTargetDependency section */

/* Begin PBXVariantGroup section */
		1F1696D82E7DC7D5008D9DA5 /* Main.html */ = {
			isa = PBXVariantGroup;
			children = (
				1F1696D92E7DC7D5008D9DA5 /* Base */,
			);
			name = Main.html;
			sourceTree = "<group>";
		};
		1F1696EC2E7DC7D6008D9DA5 /* LaunchScreen.storyboard */ = {
			isa = PBXVariantGroup;
			children = (
				1F1696ED2E7DC7D6008D9DA5 /* Base */,
			);
			name = LaunchScreen.storyboard;
			sourceTree = "<group>";
		};
		1F1696EF2E7DC7D6008D9DA5 /* Main.storyboard */ = {
			isa = PBXVariantGroup;
			children = (
				1F1696F02E7DC7D6008D9DA5 /* Base */,
			);
			name = Main.storyboard;
			sourceTree = "<group>";
		};
		1F1696FB2E7DC7D6008D9DA5 /* Main.storyboard */ = {
			isa = PBXVariantGroup;
			children = (
				1F1696FC2E7DC7D6008D9DA5 /* Base */,
			);
			name = Main.storyboard;
			sourceTree = "<group>";
		};
/* End PBXVariantGroup section */

/* Begin XCBuildConfiguration section */
		1F1697212E7DC7D6008D9DA5 /* Debug */ = {
			isa = XCBuildConfiguration;
			buildSettings = {
				ALWAYS_SEARCH_USER_PATHS = NO;
				ASSETCATALOG_COMPILER_GENERATE_SWIFT_ASSET_SYMBOL_EXTENSIONS = YES;
				CLANG_ANALYZER_NONNULL = YES;
				CLANG_ANALYZER_NUMBER_OBJECT_CONVERSION = YES_AGGRESSIVE;
				CLANG_CXX_LANGUAGE_STANDARD = "gnu++20";
				CLANG_ENABLE_MODULES = YES;
				CLANG_ENABLE_OBJC_ARC = YES;
				CLANG_ENABLE_OBJC_WEAK = YES;
				CLANG_WARN_BLOCK_CAPTURE_AUTORELEASING = YES;
				CLANG_WARN_BOOL_CONVERSION = YES;
				CLANG_WARN_COMMA = YES;
				CLANG_WARN_CONSTANT_CONVERSION = YES;
				CLANG_WARN_DEPRECATED_OBJC_IMPLEMENTATIONS = YES;
				CLANG_WARN_DIRECT_OBJC_ISA_USAGE = YES_ERROR;
				CLANG_WARN_DOCUMENTATION_COMMENTS = YES;
				CLANG_WARN_EMPTY_BODY = YES;
				CLANG_WARN_ENUM_CONVERSION = YES;
				CLANG_WARN_INFINITE_RECURSION = YES;
				CLANG_WARN_INT_CONVERSION = YES;
				CLANG_WARN_NON_LITERAL_NULL_CONVERSION = YES;
				CLANG_WARN_OBJC_IMPLICIT_RETAIN_SELF = YES;
				CLANG_WARN_OBJC_LITERAL_CONVERSION = YES;
				CLANG_WARN_OBJC_ROOT_CLASS = YES_ERROR;
				CLANG_WARN_QUOTED_INCLUDE_IN_FRAMEWORK_HEADER = YES;
				CLANG_WARN_RANGE_LOOP_ANALYSIS = YES;
				CLANG_WARN_STRICT_PROTOTYPES = YES;
				CLANG_WARN_SUSPICIOUS_MOVE = YES;
				CLANG_WARN_UNGUARDED_AVAILABILITY = YES_AGGRESSIVE;
				CLANG_WARN_UNREACHABLE_CODE = YES;
				CLANG_WARN__DUPLICATE_METHOD_MATCH = YES;
				COPY_PHASE_STRIP = NO;
				DEBUG_INFORMATION_FORMAT = dwarf;
				ENABLE_STRICT_OBJC_MSGSEND = YES;
				ENABLE_TESTABILITY = YES;
				ENABLE_USER_SCRIPT_SANDBOXING = YES;
				GCC_C_LANGUAGE_STANDARD = gnu17;
				GCC_DYNAMIC_NO_PIC = NO;
				GCC_NO_COMMON_BLOCKS = YES;
				GCC_OPTIMIZATION_LEVEL = 0;
				GCC_PREPROCESSOR_DEFINITIONS = (
					"DEBUG=1",
					"$(inherited)",
				);
				GCC_WARN_64_TO_32_BIT_CONVERSION = YES;
				GCC_WARN_ABOUT_RETURN_TYPE = YES_ERROR;
				GCC_WARN_UNDECLARED_SELECTOR = YES;
				GCC_WARN_UNINITIALIZED_AUTOS = YES_AGGRESSIVE;
				GCC_WARN_UNUSED_FUNCTION = YES;
				GCC_WARN_UNUSED_VARIABLE = YES;
				LOCALIZATION_PREFERS_STRING_CATALOGS = YES;
				MTL_ENABLE_DEBUG_INFO = INCLUDE_SOURCE;
				MTL_FAST_MATH = YES;
				ONLY_ACTIVE_ARCH = YES;
				SWIFT_ACTIVE_COMPILATION_CONDITIONS = "DEBUG $(inherited)";
				SWIFT_OPTIMIZATION_LEVEL = "-Onone";
			};
			name = Debug;
		};
		1F1697222E7DC7D6008D9DA5 /* Release */ = {
			isa = XCBuildConfiguration;
			buildSettings = {
				ALWAYS_SEARCH_USER_PATHS = NO;
				ASSETCATALOG_COMPILER_GENERATE_SWIFT_ASSET_SYMBOL_EXTENSIONS = YES;
				CLANG_ANALYZER_NONNULL = YES;
				CLANG_ANALYZER_NUMBER_OBJECT_CONVERSION = YES_AGGRESSIVE;
				CLANG_CXX_LANGUAGE_STANDARD = "gnu++20";
				CLANG_ENABLE_MODULES = YES;
				CLANG_ENABLE_OBJC_ARC = YES;
				CLANG_ENABLE_OBJC_WEAK = YES;
				CLANG_WARN_BLOCK_CAPTURE_AUTORELEASING = YES;
				CLANG_WARN_BOOL_CONVERSION = YES;
				CLANG_WARN_COMMA = YES;
				CLANG_WARN_CONSTANT_CONVERSION = YES;
				CLANG_WARN_DEPRECATED_OBJC_IMPLEMENTATIONS = YES;
				CLANG_WARN_DIRECT_OBJC_ISA_USAGE = YES_ERROR;
				CLANG_WARN_DOCUMENTATION_COMMENTS = YES;
				CLANG_WARN_EMPTY_BODY = YES;
				CLANG_WARN_ENUM_CONVERSION = YES;
				CLANG_WARN_INFINITE_RECURSION = YES;
				CLANG_WARN_INT_CONVERSION = YES;
				CLANG_WARN_NON_LITERAL_NULL_CONVERSION = YES;
				CLANG_WARN_OBJC_IMPLICIT_RETAIN_SELF = YES;
				CLANG_WARN_OBJC_LITERAL_CONVERSION = YES;
				CLANG_WARN_OBJC_ROOT_CLASS = YES_ERROR;
				CLANG_WARN_QUOTED_INCLUDE_IN_FRAMEWORK_HEADER = YES;
				CLANG_WARN_RANGE_LOOP_ANALYSIS = YES;
				CLANG_WARN_STRICT_PROTOTYPES = YES;
				CLANG_WARN_SUSPICIOUS_MOVE = YES;
				CLANG_WARN_UNGUARDED_AVAILABILITY = YES_AGGRESSIVE;
				CLANG_WARN_UNREACHABLE_CODE = YES;
				CLANG_WARN__DUPLICATE_METHOD_MATCH = YES;
				COPY_PHASE_STRIP = NO;
				DEBUG_INFORMATION_FORMAT = "dwarf-with-dsym";
				ENABLE_NS_ASSERTIONS = NO;
				ENABLE_STRICT_OBJC_MSGSEND = YES;
				ENABLE_USER_SCRIPT_SANDBOXING = YES;
				GCC_C_LANGUAGE_STANDARD = gnu17;
				GCC_NO_COMMON_BLOCKS = YES;
				GCC_WARN_64_TO_32_BIT_CONVERSION = YES;
				GCC_WARN_ABOUT_RETURN_TYPE = YES_ERROR;
				GCC_WARN_UNDECLARED_SELECTOR = YES;
				GCC_WARN_UNINITIALIZED_AUTOS = YES_AGGRESSIVE;
				GCC_WARN_UNUSED_FUNCTION = YES;
				GCC_WARN_UNUSED_VARIABLE = YES;
				LOCALIZATION_PREFERS_STRING_CATALOGS = YES;
				MTL_ENABLE_DEBUG_INFO = NO;
				MTL_FAST_MATH = YES;
				SWIFT_COMPILATION_MODE = wholemodule;
			};
			name = Release;
		};
		1F1697242E7DC7D6008D9DA5 /* Debug */ = {
			isa = XCBuildConfiguration;
			buildSettings = {
				CODE_SIGN_STYLE = Automatic;
				CURRENT_PROJECT_VERSION = 1;
				DEVELOPMENT_TEAM = HXXRUTU897;
				GENERATE_INFOPLIST_FILE = YES;
				INFOPLIST_FILE = "iOS (Extension)/Info.plist";
				INFOPLIST_KEY_CFBundleDisplayName = "Pinpoint Accessibility Checker Extension";
				INFOPLIST_KEY_NSHumanReadableCopyright = "";
				IPHONEOS_DEPLOYMENT_TARGET = 15.0;
				LD_RUNPATH_SEARCH_PATHS = (
					"$(inherited)",
					"@executable_path/Frameworks",
					"@executable_path/../../Frameworks",
				);
				MARKETING_VERSION = 1.0;
				OTHER_LDFLAGS = (
					"-framework",
					SafariServices,
				);
				PRODUCT_BUNDLE_IDENTIFIER = "com.pinpoint.accessibility-checker.Extension";
				PRODUCT_NAME = "Pinpoint Accessibility Checker Extension";
				SDKROOT = iphoneos;
				SKIP_INSTALL = YES;
				STRING_CATALOG_GENERATE_SYMBOLS = YES;
				SWIFT_APPROACHABLE_CONCURRENCY = YES;
				SWIFT_EMIT_LOC_STRINGS = YES;
				SWIFT_UPCOMING_FEATURE_MEMBER_IMPORT_VISIBILITY = YES;
				SWIFT_VERSION = 5.0;
				TARGETED_DEVICE_FAMILY = "1,2";
			};
			name = Debug;
		};
		1F1697252E7DC7D6008D9DA5 /* Release */ = {
			isa = XCBuildConfiguration;
			buildSettings = {
				CODE_SIGN_STYLE = Automatic;
				CURRENT_PROJECT_VERSION = 1;
				DEVELOPMENT_TEAM = HXXRUTU897;
				GENERATE_INFOPLIST_FILE = YES;
				INFOPLIST_FILE = "iOS (Extension)/Info.plist";
				INFOPLIST_KEY_CFBundleDisplayName = "Pinpoint Accessibility Checker Extension";
				INFOPLIST_KEY_NSHumanReadableCopyright = "";
				IPHONEOS_DEPLOYMENT_TARGET = 15.0;
				LD_RUNPATH_SEARCH_PATHS = (
					"$(inherited)",
					"@executable_path/Frameworks",
					"@executable_path/../../Frameworks",
				);
				MARKETING_VERSION = 1.0;
				OTHER_LDFLAGS = (
					"-framework",
					SafariServices,
				);
				PRODUCT_BUNDLE_IDENTIFIER = "com.pinpoint.accessibility-checker.Extension";
				PRODUCT_NAME = "Pinpoint Accessibility Checker Extension";
				SDKROOT = iphoneos;
				SKIP_INSTALL = YES;
				STRING_CATALOG_GENERATE_SYMBOLS = YES;
				SWIFT_APPROACHABLE_CONCURRENCY = YES;
				SWIFT_EMIT_LOC_STRINGS = YES;
				SWIFT_UPCOMING_FEATURE_MEMBER_IMPORT_VISIBILITY = YES;
				SWIFT_VERSION = 5.0;
				TARGETED_DEVICE_FAMILY = "1,2";
				VALIDATE_PRODUCT = YES;
			};
			name = Release;
		};
		1F1697282E7DC7D6008D9DA5 /* Debug */ = {
			isa = XCBuildConfiguration;
			buildSettings = {
				ASSETCATALOG_COMPILER_APPICON_NAME = AppIcon;
				ASSETCATALOG_COMPILER_GLOBAL_ACCENT_COLOR_NAME = AccentColor;
				CODE_SIGN_STYLE = Automatic;
				CURRENT_PROJECT_VERSION = 1;
				DEVELOPMENT_TEAM = HXXRUTU897;
				GENERATE_INFOPLIST_FILE = YES;
				INFOPLIST_FILE = "iOS (App)/Info.plist";
				INFOPLIST_KEY_CFBundleDisplayName = "Pinpoint Accessibility Checker";
				INFOPLIST_KEY_UIApplicationSupportsIndirectInputEvents = YES;
				INFOPLIST_KEY_UILaunchStoryboardName = LaunchScreen;
				INFOPLIST_KEY_UIMainStoryboardFile = Main;
				INFOPLIST_KEY_UISupportedInterfaceOrientations = "UIInterfaceOrientationPortrait UIInterfaceOrientationLandscapeLeft UIInterfaceOrientationLandscapeRight";
				INFOPLIST_KEY_UISupportedInterfaceOrientations_iPad = "UIInterfaceOrientationPortrait UIInterfaceOrientationPortraitUpsideDown UIInterfaceOrientationLandscapeLeft UIInterfaceOrientationLandscapeRight";
				IPHONEOS_DEPLOYMENT_TARGET = 15.0;
				LD_RUNPATH_SEARCH_PATHS = (
					"$(inherited)",
					"@executable_path/Frameworks",
				);
				MARKETING_VERSION = 1.0;
				OTHER_LDFLAGS = (
					"-framework",
					SafariServices,
					"-framework",
					WebKit,
				);
				PRODUCT_BUNDLE_IDENTIFIER = "com.pinpoint.accessibility-checker";
				PRODUCT_NAME = "Pinpoint Accessibility Checker";
				SDKROOT = iphoneos;
				STRING_CATALOG_GENERATE_SYMBOLS = YES;
				SWIFT_APPROACHABLE_CONCURRENCY = YES;
				SWIFT_DEFAULT_ACTOR_ISOLATION = MainActor;
				SWIFT_EMIT_LOC_STRINGS = YES;
				SWIFT_UPCOMING_FEATURE_MEMBER_IMPORT_VISIBILITY = YES;
				SWIFT_VERSION = 5.0;
				TARGETED_DEVICE_FAMILY = "1,2";
			};
			name = Debug;
		};
		1F1697292E7DC7D6008D9DA5 /* Release */ = {
			isa = XCBuildConfiguration;
			buildSettings = {
				ASSETCATALOG_COMPILER_APPICON_NAME = AppIcon;
				ASSETCATALOG_COMPILER_GLOBAL_ACCENT_COLOR_NAME = AccentColor;
				CODE_SIGN_STYLE = Automatic;
				CURRENT_PROJECT_VERSION = 1;
				DEVELOPMENT_TEAM = HXXRUTU897;
				GENERATE_INFOPLIST_FILE = YES;
				INFOPLIST_FILE = "iOS (App)/Info.plist";
				INFOPLIST_KEY_CFBundleDisplayName = "Pinpoint Accessibility Checker";
				INFOPLIST_KEY_UIApplicationSupportsIndirectInputEvents = YES;
				INFOPLIST_KEY_UILaunchStoryboardName = LaunchScreen;
				INFOPLIST_KEY_UIMainStoryboardFile = Main;
				INFOPLIST_KEY_UISupportedInterfaceOrientations = "UIInterfaceOrientationPortrait UIInterfaceOrientationLandscapeLeft UIInterfaceOrientationLandscapeRight";
				INFOPLIST_KEY_UISupportedInterfaceOrientations_iPad = "UIInterfaceOrientationPortrait UIInterfaceOrientationPortraitUpsideDown UIInterfaceOrientationLandscapeLeft UIInterfaceOrientationLandscapeRight";
				IPHONEOS_DEPLOYMENT_TARGET = 15.0;
				LD_RUNPATH_SEARCH_PATHS = (
					"$(inherited)",
					"@executable_path/Frameworks",
				);
				MARKETING_VERSION = 1.0;
				OTHER_LDFLAGS = (
					"-framework",
					SafariServices,
					"-framework",
					WebKit,
				);
				PRODUCT_BUNDLE_IDENTIFIER = "com.pinpoint.accessibility-checker";
				PRODUCT_NAME = "Pinpoint Accessibility Checker";
				SDKROOT = iphoneos;
				STRING_CATALOG_GENERATE_SYMBOLS = YES;
				SWIFT_APPROACHABLE_CONCURRENCY = YES;
				SWIFT_DEFAULT_ACTOR_ISOLATION = MainActor;
				SWIFT_EMIT_LOC_STRINGS = YES;
				SWIFT_UPCOMING_FEATURE_MEMBER_IMPORT_VISIBILITY = YES;
				SWIFT_VERSION = 5.0;
				TARGETED_DEVICE_FAMILY = "1,2";
				VALIDATE_PRODUCT = YES;
			};
			name = Release;
		};
		1F16972B2E7DC7D6008D9DA5 /* Debug */ = {
			isa = XCBuildConfiguration;
			buildSettings = {
				AUTOMATION_APPLE_EVENTS = NO;
				CODE_SIGN_STYLE = Automatic;
				CURRENT_PROJECT_VERSION = 1;
				DEVELOPMENT_TEAM = HXXRUTU897;
				ENABLE_APP_SANDBOX = YES;
				ENABLE_HARDENED_RUNTIME = YES;
				ENABLE_INCOMING_NETWORK_CONNECTIONS = NO;
				ENABLE_OUTGOING_NETWORK_CONNECTIONS = YES;
				ENABLE_RESOURCE_ACCESS_AUDIO_INPUT = NO;
				ENABLE_RESOURCE_ACCESS_BLUETOOTH = NO;
				ENABLE_RESOURCE_ACCESS_CALENDARS = NO;
				ENABLE_RESOURCE_ACCESS_CAMERA = NO;
				ENABLE_RESOURCE_ACCESS_CONTACTS = NO;
				ENABLE_RESOURCE_ACCESS_LOCATION = NO;
				ENABLE_RESOURCE_ACCESS_PHOTO_LIBRARY = NO;
				ENABLE_RESOURCE_ACCESS_PRINTING = NO;
				ENABLE_RESOURCE_ACCESS_USB = NO;
				ENABLE_USER_SELECTED_FILES = readonly;
				GENERATE_INFOPLIST_FILE = YES;
				INFOPLIST_FILE = "macOS (Extension)/Info.plist";
				INFOPLIST_KEY_CFBundleDisplayName = "Pinpoint Accessibility Checker Extension";
				INFOPLIST_KEY_NSHumanReadableCopyright = "";
				LD_RUNPATH_SEARCH_PATHS = (
					"$(inherited)",
					"@executable_path/../Frameworks",
					"@executable_path/../../../../Frameworks",
				);
				MACOSX_DEPLOYMENT_TARGET = 10.14;
				MARKETING_VERSION = 1.0;
				OTHER_LDFLAGS = (
					"-framework",
					SafariServices,
				);
				PRODUCT_BUNDLE_IDENTIFIER = "com.pinpoint.accessibility-checker.Extension";
				PRODUCT_NAME = "Pinpoint Accessibility Checker Extension";
				RUNTIME_EXCEPTION_ALLOW_DYLD_ENVIRONMENT_VARIABLES = NO;
				RUNTIME_EXCEPTION_ALLOW_JIT = YES;
				RUNTIME_EXCEPTION_ALLOW_UNSIGNED_EXECUTABLE_MEMORY = NO;
				RUNTIME_EXCEPTION_DEBUGGING_TOOL = NO;
				RUNTIME_EXCEPTION_DISABLE_EXECUTABLE_PAGE_PROTECTION = NO;
				RUNTIME_EXCEPTION_DISABLE_LIBRARY_VALIDATION = NO;
				SDKROOT = macosx;
				SKIP_INSTALL = YES;
				STRING_CATALOG_GENERATE_SYMBOLS = YES;
				SWIFT_APPROACHABLE_CONCURRENCY = YES;
				SWIFT_EMIT_LOC_STRINGS = YES;
				SWIFT_UPCOMING_FEATURE_MEMBER_IMPORT_VISIBILITY = YES;
				SWIFT_VERSION = 5.0;
			};
			name = Debug;
		};
		1F16972C2E7DC7D6008D9DA5 /* Release */ = {
			isa = XCBuildConfiguration;
			buildSettings = {
				AUTOMATION_APPLE_EVENTS = NO;
				CODE_SIGN_STYLE = Automatic;
				CURRENT_PROJECT_VERSION = 1;
				DEVELOPMENT_TEAM = HXXRUTU897;
				ENABLE_APP_SANDBOX = YES;
				ENABLE_HARDENED_RUNTIME = YES;
				ENABLE_INCOMING_NETWORK_CONNECTIONS = NO;
				ENABLE_OUTGOING_NETWORK_CONNECTIONS = YES;
				ENABLE_RESOURCE_ACCESS_AUDIO_INPUT = NO;
				ENABLE_RESOURCE_ACCESS_BLUETOOTH = NO;
				ENABLE_RESOURCE_ACCESS_CALENDARS = NO;
				ENABLE_RESOURCE_ACCESS_CAMERA = NO;
				ENABLE_RESOURCE_ACCESS_CONTACTS = NO;
				ENABLE_RESOURCE_ACCESS_LOCATION = NO;
				ENABLE_RESOURCE_ACCESS_PHOTO_LIBRARY = NO;
				ENABLE_RESOURCE_ACCESS_PRINTING = NO;
				ENABLE_RESOURCE_ACCESS_USB = NO;
				ENABLE_USER_SELECTED_FILES = readonly;
				GENERATE_INFOPLIST_FILE = YES;
				INFOPLIST_FILE = "macOS (Extension)/Info.plist";
				INFOPLIST_KEY_CFBundleDisplayName = "Pinpoint Accessibility Checker Extension";
				INFOPLIST_KEY_NSHumanReadableCopyright = "";
				LD_RUNPATH_SEARCH_PATHS = (
					"$(inherited)",
					"@executable_path/../Frameworks",
					"@executable_path/../../../../Frameworks",
				);
				MACOSX_DEPLOYMENT_TARGET = 10.14;
				MARKETING_VERSION = 1.0;
				OTHER_LDFLAGS = (
					"-framework",
					SafariServices,
				);
				PRODUCT_BUNDLE_IDENTIFIER = "com.pinpoint.accessibility-checker.Extension";
				PRODUCT_NAME = "Pinpoint Accessibility Checker Extension";
				RUNTIME_EXCEPTION_ALLOW_DYLD_ENVIRONMENT_VARIABLES = NO;
				RUNTIME_EXCEPTION_ALLOW_JIT = YES;
				RUNTIME_EXCEPTION_ALLOW_UNSIGNED_EXECUTABLE_MEMORY = NO;
				RUNTIME_EXCEPTION_DEBUGGING_TOOL = NO;
				RUNTIME_EXCEPTION_DISABLE_EXECUTABLE_PAGE_PROTECTION = NO;
				RUNTIME_EXCEPTION_DISABLE_LIBRARY_VALIDATION = NO;
				SDKROOT = macosx;
				SKIP_INSTALL = YES;
				STRING_CATALOG_GENERATE_SYMBOLS = YES;
				SWIFT_APPROACHABLE_CONCURRENCY = YES;
				SWIFT_EMIT_LOC_STRINGS = YES;
				SWIFT_UPCOMING_FEATURE_MEMBER_IMPORT_VISIBILITY = YES;
				SWIFT_VERSION = 5.0;
			};
			name = Release;
		};
		1F16972F2E7DC7D6008D9DA5 /* Debug */ = {
			isa = XCBuildConfiguration;
			buildSettings = {
				ASSETCATALOG_COMPILER_APPICON_NAME = AppIcon;
				ASSETCATALOG_COMPILER_GLOBAL_ACCENT_COLOR_NAME = AccentColor;
				CODE_SIGN_STYLE = Automatic;
				CURRENT_PROJECT_VERSION = 1;
				DEVELOPMENT_TEAM = HXXRUTU897;
				ENABLE_APP_SANDBOX = YES;
				ENABLE_HARDENED_RUNTIME = YES;
				ENABLE_OUTGOING_NETWORK_CONNECTIONS = YES;
				ENABLE_USER_SELECTED_FILES = readonly;
				GENERATE_INFOPLIST_FILE = YES;
				INFOPLIST_FILE = "macOS (App)/Info.plist";
				INFOPLIST_KEY_CFBundleDisplayName = "Pinpoint Accessibility Checker";
				INFOPLIST_KEY_NSMainStoryboardFile = Main;
				INFOPLIST_KEY_NSPrincipalClass = NSApplication;
				LD_RUNPATH_SEARCH_PATHS = (
					"$(inherited)",
					"@executable_path/../Frameworks",
				);
				MACOSX_DEPLOYMENT_TARGET = 10.14;
				MARKETING_VERSION = 1.0;
				OTHER_LDFLAGS = (
					"-framework",
					SafariServices,
					"-framework",
					WebKit,
				);
				PRODUCT_BUNDLE_IDENTIFIER = "com.pinpoint.accessibility-checker";
				PRODUCT_NAME = "Pinpoint Accessibility Checker";
				REGISTER_APP_GROUPS = YES;
				SDKROOT = macosx;
				STRING_CATALOG_GENERATE_SYMBOLS = YES;
				SWIFT_APPROACHABLE_CONCURRENCY = YES;
				SWIFT_DEFAULT_ACTOR_ISOLATION = MainActor;
				SWIFT_EMIT_LOC_STRINGS = YES;
				SWIFT_UPCOMING_FEATURE_MEMBER_IMPORT_VISIBILITY = YES;
				SWIFT_VERSION = 5.0;
			};
			name = Debug;
		};
		1F1697302E7DC7D6008D9DA5 /* Release */ = {
			isa = XCBuildConfiguration;
			buildSettings = {
				ASSETCATALOG_COMPILER_APPICON_NAME = AppIcon;
				ASSETCATALOG_COMPILER_GLOBAL_ACCENT_COLOR_NAME = AccentColor;
				CODE_SIGN_STYLE = Automatic;
				CURRENT_PROJECT_VERSION = 1;
				DEVELOPMENT_TEAM = HXXRUTU897;
				ENABLE_APP_SANDBOX = YES;
				ENABLE_HARDENED_RUNTIME = YES;
				ENABLE_OUTGOING_NETWORK_CONNECTIONS = YES;
				ENABLE_USER_SELECTED_FILES = readonly;
				GENERATE_INFOPLIST_FILE = YES;
				INFOPLIST_FILE = "macOS (App)/Info.plist";
				INFOPLIST_KEY_CFBundleDisplayName = "Pinpoint Accessibility Checker";
				INFOPLIST_KEY_NSMainStoryboardFile = Main;
				INFOPLIST_KEY_NSPrincipalClass = NSApplication;
				LD_RUNPATH_SEARCH_PATHS = (
					"$(inherited)",
					"@executable_path/../Frameworks",
				);
				MACOSX_DEPLOYMENT_TARGET = 10.14;
				MARKETING_VERSION = 1.0;
				OTHER_LDFLAGS = (
					"-framework",
					SafariServices,
					"-framework",
					WebKit,
				);
				PRODUCT_BUNDLE_IDENTIFIER = "com.pinpoint.accessibility-checker";
				PRODUCT_NAME = "Pinpoint Accessibility Checker";
				REGISTER_APP_GROUPS = YES;
				SDKROOT = macosx;
				STRING_CATALOG_GENERATE_SYMBOLS = YES;
				SWIFT_APPROACHABLE_CONCURRENCY = YES;
				SWIFT_DEFAULT_ACTOR_ISOLATION = MainActor;
				SWIFT_EMIT_LOC_STRINGS = YES;
				SWIFT_UPCOMING_FEATURE_MEMBER_IMPORT_VISIBILITY = YES;
				SWIFT_VERSION = 5.0;
			};
			name = Release;
		};
/* End XCBuildConfiguration section */

/* Begin XCConfigurationList section */
		1F1696D52E7DC7D5008D9DA5 /* Build configuration list for PBXProject "Pinpoint Accessibility Checker" */ = {
			isa = XCConfigurationList;
			buildConfigurations = (
				1F1697212E7DC7D6008D9DA5 /* Debug */,
				1F1697222E7DC7D6008D9DA5 /* Release */,
			);
			defaultConfigurationIsVisible = 0;
			defaultConfigurationName = Release;
		};
		1F1697232E7DC7D6008D9DA5 /* Build configuration list for PBXNativeTarget "Pinpoint Accessibility Checker Extension (iOS)" */ = {
			isa = XCConfigurationList;
			buildConfigurations = (
				1F1697242E7DC7D6008D9DA5 /* Debug */,
				1F1697252E7DC7D6008D9DA5 /* Release */,
			);
			defaultConfigurationIsVisible = 0;
			defaultConfigurationName = Release;
		};
		1F1697272E7DC7D6008D9DA5 /* Build configuration list for PBXNativeTarget "Pinpoint Accessibility Checker (iOS)" */ = {
			isa = XCConfigurationList;
			buildConfigurations = (
				1F1697282E7DC7D6008D9DA5 /* Debug */,
				1F1697292E7DC7D6008D9DA5 /* Release */,
			);
			defaultConfigurationIsVisible = 0;
			defaultConfigurationName = Release;
		};
		1F16972A2E7DC7D6008D9DA5 /* Build configuration list for PBXNativeTarget "Pinpoint Accessibility Checker Extension (macOS)" */ = {
			isa = XCConfigurationList;
			buildConfigurations = (
				1F16972B2E7DC7D6008D9DA5 /* Debug */,
				1F16972C2E7DC7D6008D9DA5 /* Release */,
			);
			defaultConfigurationIsVisible = 0;
			defaultConfigurationName = Release;
		};
		1F16972E2E7DC7D6008D9DA5 /* Build configuration list for PBXNativeTarget "Pinpoint Accessibility Checker (macOS)" */ = {
			isa = XCConfigurationList;
			buildConfigurations = (
				1F16972F2E7DC7D6008D9DA5 /* Debug */,
				1F1697302E7DC7D6008D9DA5 /* Release */,
			);
			defaultConfigurationIsVisible = 0;
			defaultConfigurationName = Release;
		};
/* End XCConfigurationList section */
	};
	rootObject = 1F1696D22E7DC7D5008D9DA5 /* Project object */;
}
