// !$*UTF8*$!
{
	archiveVersion = 1;
	classes = {
	};
	objectVersion = 77;
	objects = {

/* Begin PBXBuildFile section */
		1F27C9572F7057CC004D4D1E /* AppDelegate.swift in Sources */ = {isa = PBXBuildFile; fileRef = 1F27C9562F7057CC004D4D1E /* AppDelegate.swift */; };
		1F27C9592F7057CC004D4D1E /* SceneDelegate.swift in Sources */ = {isa = PBXBuildFile; fileRef = 1F27C9582F7057CC004D4D1E /* SceneDelegate.swift */; };
		1F27C95C2F7057CC004D4D1E /* LaunchScreen.storyboard in Resources */ = {isa = PBXBuildFile; fileRef = 1F27C95A2F7057CC004D4D1E /* LaunchScreen.storyboard */; };
		1F27C95F2F7057CC004D4D1E /* Main.storyboard in Resources */ = {isa = PBXBuildFile; fileRef = 1F27C95D2F7057CC004D4D1E /* Main.storyboard */; };
		1F27C9682F7057CC004D4D1E /* AppDelegate.swift in Sources */ = {isa = PBXBuildFile; fileRef = 1F27C9672F7057CC004D4D1E /* AppDelegate.swift */; };
		1F27C96B2F7057CC004D4D1E /* Main.storyboard in Resources */ = {isa = PBXBuildFile; fileRef = 1F27C9692F7057CC004D4D1E /* Main.storyboard */; };
		1F27C9722F7057CC004D4D1E /* Pinpoint Accessibility Checker Extension.appex in Embed Foundation Extensions */ = {isa = PBXBuildFile; fileRef = 1F27C9712F7057CC004D4D1E /* Pinpoint Accessibility Checker Extension.appex */; settings = {ATTRIBUTES = (RemoveHeadersOnCopy, ); }; };
		1F27C97C2F7057CC004D4D1E /* Pinpoint Accessibility Checker Extension.appex in Embed Foundation Extensions */ = {isa = PBXBuildFile; fileRef = 1F27C97B2F7057CC004D4D1E /* Pinpoint Accessibility Checker Extension.appex */; settings = {ATTRIBUTES = (RemoveHeadersOnCopy, ); }; };
		1F27C9812F7057CC004D4D1E /* Main.html in Resources */ = {isa = PBXBuildFile; fileRef = 1F27C9462F7057CB004D4D1E /* Main.html */; };
		1F27C9822F7057CC004D4D1E /* Main.html in Resources */ = {isa = PBXBuildFile; fileRef = 1F27C9462F7057CB004D4D1E /* Main.html */; };
		1F27C9832F7057CC004D4D1E /* Icon.png in Resources */ = {isa = PBXBuildFile; fileRef = 1F27C9482F7057CB004D4D1E /* Icon.png */; };
		1F27C9842F7057CC004D4D1E /* Icon.png in Resources */ = {isa = PBXBuildFile; fileRef = 1F27C9482F7057CB004D4D1E /* Icon.png */; };
		1F27C9852F7057CC004D4D1E /* Style.css in Resources */ = {isa = PBXBuildFile; fileRef = 1F27C9492F7057CB004D4D1E /* Style.css */; };
		1F27C9862F7057CC004D4D1E /* Style.css in Resources */ = {isa = PBXBuildFile; fileRef = 1F27C9492F7057CB004D4D1E /* Style.css */; };
		1F27C9872F7057CC004D4D1E /* Script.js in Resources */ = {isa = PBXBuildFile; fileRef = 1F27C94A2F7057CB004D4D1E /* Script.js */; };
		1F27C9882F7057CC004D4D1E /* Script.js in Resources */ = {isa = PBXBuildFile; fileRef = 1F27C94A2F7057CB004D4D1E /* Script.js */; };
		1F27C9892F7057CC004D4D1E /* ViewController.swift in Sources */ = {isa = PBXBuildFile; fileRef = 1F27C94B2F7057CB004D4D1E /* ViewController.swift */; };
		1F27C98A2F7057CC004D4D1E /* ViewController.swift in Sources */ = {isa = PBXBuildFile; fileRef = 1F27C94B2F7057CB004D4D1E /* ViewController.swift */; };
		1F27C98B2F7057CC004D4D1E /* Assets.xcassets in Resources */ = {isa = PBXBuildFile; fileRef = 1F27C94C2F7057CC004D4D1E /* Assets.xcassets */; };
		1F27C98C2F7057CC004D4D1E /* Assets.xcassets in Resources */ = {isa = PBXBuildFile; fileRef = 1F27C94C2F7057CC004D4D1E /* Assets.xcassets */; };
		1F27C98D2F7057CC004D4D1E /* SafariWebExtensionHandler.swift in Sources */ = {isa = PBXBuildFile; fileRef = 1F27C94E2F7057CC004D4D1E /* SafariWebExtensionHandler.swift */; };
		1F27C98E2F7057CC004D4D1E /* SafariWebExtensionHandler.swift in Sources */ = {isa = PBXBuildFile; fileRef = 1F27C94E2F7057CC004D4D1E /* SafariWebExtensionHandler.swift */; };
		1F27C9AA2F7057CC004D4D1E /* popup.js in Resources */ = {isa = PBXBuildFile; fileRef = 1F27C9A02F7057CC004D4D1E /* popup.js */; };
		1F27C9AB2F7057CC004D4D1E /* gsap.min.js in Resources */ = {isa = PBXBuildFile; fileRef = 1F27C9A12F7057CC004D4D1E /* gsap.min.js */; };
		1F27C9AC2F7057CC004D4D1E /* background.js in Resources */ = {isa = PBXBuildFile; fileRef = 1F27C9A22F7057CC004D4D1E /* background.js */; };
		1F27C9AD2F7057CC004D4D1E /* popup.html in Resources */ = {isa = PBXBuildFile; fileRef = 1F27C9A32F7057CC004D4D1E /* popup.html */; };
		1F27C9AE2F7057CC004D4D1E /* axe-core.min.js in Resources */ = {isa = PBXBuildFile; fileRef = 1F27C9A42F7057CC004D4D1E /* axe-core.min.js */; };
		1F27C9AF2F7057CC004D4D1E /* accessibility-checker.js in Resources */ = {isa = PBXBuildFile; fileRef = 1F27C9A52F7057CC004D4D1E /* accessibility-checker.js */; };
		1F27C9B02F7057CC004D4D1E /* icons in Resources */ = {isa = PBXBuildFile; fileRef = 1F27C9A62F7057CC004D4D1E /* icons */; };
		1F27C9B12F7057CC004D4D1E /* manifest.json in Resources */ = {isa = PBXBuildFile; fileRef = 1F27C9A72F7057CC004D4D1E /* manifest.json */; };
		1F27C9B22F7057CC004D4D1E /* content-script.js in Resources */ = {isa = PBXBuildFile; fileRef = 1F27C9A82F7057CC004D4D1E /* content-script.js */; };
		1F27C9B32F7057CC004D4D1E /* popup.css in Resources */ = {isa = PBXBuildFile; fileRef = 1F27C9A92F7057CC004D4D1E /* popup.css */; };
		1F27C9B42F7057CC004D4D1E /* popup.js in Resources */ = {isa = PBXBuildFile; fileRef = 1F27C9A02F7057CC004D4D1E /* popup.js */; };
		1F27C9B52F7057CC004D4D1E /* gsap.min.js in Resources */ = {isa = PBXBuildFile; fileRef = 1F27C9A12F7057CC004D4D1E /* gsap.min.js */; };
		1F27C9B62F7057CC004D4D1E /* background.js in Resources */ = {isa = PBXBuildFile; fileRef = 1F27C9A22F7057CC004D4D1E /* background.js */; };
		1F27C9B72F7057CC004D4D1E /* popup.html in Resources */ = {isa = PBXBuildFile; fileRef = 1F27C9A32F7057CC004D4D1E /* popup.html */; };
		1F27C9B82F7057CC004D4D1E /* axe-core.min.js in Resources */ = {isa = PBXBuildFile; fileRef = 1F27C9A42F7057CC004D4D1E /* axe-core.min.js */; };
		1F27C9B92F7057CC004D4D1E /* accessibility-checker.js in Resources */ = {isa = PBXBuildFile; fileRef = 1F27C9A52F7057CC004D4D1E /* accessibility-checker.js */; };
		1F27C9BA2F7057CC004D4D1E /* icons in Resources */ = {isa = PBXBuildFile; fileRef = 1F27C9A62F7057CC004D4D1E /* icons */; };
		1F27C9BB2F7057CC004D4D1E /* manifest.json in Resources */ = {isa = PBXBuildFile; fileRef = 1F27C9A72F7057CC004D4D1E /* manifest.json */; };
		1F27C9BC2F7057CC004D4D1E /* content-script.js in Resources */ = {isa = PBXBuildFile; fileRef = 1F27C9A82F7057CC004D4D1E /* content-script.js */; };
		1F27C9BD2F7057CC004D4D1E /* popup.css in Resources */ = {isa = PBXBuildFile; fileRef = 1F27C9A92F7057CC004D4D1E /* popup.css */; };
/* End PBXBuildFile section */

/* Begin PBXContainerItemProxy section */
		1F27C9732F7057CC004D4D1E /* PBXContainerItemProxy */ = {
			isa = PBXContainerItemProxy;
			containerPortal = 1F27C9402F7057CB004D4D1E /* Project object */;
			proxyType = 1;
			remoteGlobalIDString = 1F27C9702F7057CC004D4D1E;
			remoteInfo = "Pinpoint Accessibility Checker Extension (iOS)";
		};
		1F27C97D2F7057CC004D4D1E /* PBXContainerItemProxy */ = {
			isa = PBXContainerItemProxy;
			containerPortal = 1F27C9402F7057CB004D4D1E /* Project object */;
			proxyType = 1;
			remoteGlobalIDString = 1F27C97A2F7057CC004D4D1E;
			remoteInfo = "Pinpoint Accessibility Checker Extension (macOS)";
		};
/* End PBXContainerItemProxy section */

/* Begin PBXCopyFilesBuildPhase section */
		1F27C9942F7057CC004D4D1E /* Embed Foundation Extensions */ = {
			isa = PBXCopyFilesBuildPhase;
			buildActionMask = 2147483647;
			dstPath = "";
			dstSubfolderSpec = 13;
			files = (
				1F27C9722F7057CC004D4D1E /* Pinpoint Accessibility Checker Extension.appex in Embed Foundation Extensions */,
			);
			name = "Embed Foundation Extensions";
			runOnlyForDeploymentPostprocessing = 0;
		};
		1F27C99B2F7057CC004D4D1E /* Embed Foundation Extensions */ = {
			isa = PBXCopyFilesBuildPhase;
			buildActionMask = 2147483647;
			dstPath = "";
			dstSubfolderSpec = 13;
			files = (
				1F27C97C2F7057CC004D4D1E /* Pinpoint Accessibility Checker Extension.appex in Embed Foundation Extensions */,
			);
			name = "Embed Foundation Extensions";
			runOnlyForDeploymentPostprocessing = 0;
		};
/* End PBXCopyFilesBuildPhase section */

/* Begin PBXFileReference section */
		1F27C9472F7057CB004D4D1E /* Base */ = {isa = PBXFileReference; lastKnownFileType = text.html; name = Base; path = Base.lproj/Main.html; sourceTree = "<group>"; };
		1F27C9482F7057CB004D4D1E /* Icon.png */ = {isa = PBXFileReference; lastKnownFileType = image.png; path = Icon.png; sourceTree = "<group>"; };
		1F27C9492F7057CB004D4D1E /* Style.css */ = {isa = PBXFileReference; lastKnownFileType = text.css; path = Style.css; sourceTree = "<group>"; };
		1F27C94A2F7057CB004D4D1E /* Script.js */ = {isa = PBXFileReference; lastKnownFileType = sourcecode.javascript; path = Script.js; sourceTree = "<group>"; };
		1F27C94B2F7057CB004D4D1E /* ViewController.swift */ = {isa = PBXFileReference; lastKnownFileType = sourcecode.swift; path = ViewController.swift; sourceTree = "<group>"; };
		1F27C94C2F7057CC004D4D1E /* Assets.xcassets */ = {isa = PBXFileReference; lastKnownFileType = folder.assetcatalog; path = Assets.xcassets; sourceTree = "<group>"; };
		1F27C94E2F7057CC004D4D1E /* SafariWebExtensionHandler.swift */ = {isa = PBXFileReference; lastKnownFileType = sourcecode.swift; path = SafariWebExtensionHandler.swift; sourceTree = "<group>"; };
		1F27C9532F7057CC004D4D1E /* Pinpoint Accessibility Checker.app */ = {isa = PBXFileReference; explicitFileType = wrapper.application; includeInIndex = 0; path = "Pinpoint Accessibility Checker.app"; sourceTree = BUILT_PRODUCTS_DIR; };
		1F27C9562F7057CC004D4D1E /* AppDelegate.swift */ = {isa = PBXFileReference; lastKnownFileType = sourcecode.swift; path = AppDelegate.swift; sourceTree = "<group>"; };
		1F27C9582F7057CC004D4D1E /* SceneDelegate.swift */ = {isa = PBXFileReference; lastKnownFileType = sourcecode.swift; path = SceneDelegate.swift; sourceTree = "<group>"; };
		1F27C95B2F7057CC004D4D1E /* Base */ = {isa = PBXFileReference; lastKnownFileType = file.storyboard; name = Base; path = Base.lproj/LaunchScreen.storyboard; sourceTree = "<group>"; };
		1F27C95E2F7057CC004D4D1E /* Base */ = {isa = PBXFileReference; lastKnownFileType = file.storyboard; name = Base; path = Base.lproj/Main.storyboard; sourceTree = "<group>"; };
		1F27C9602F7057CC004D4D1E /* Info.plist */ = {isa = PBXFileReference; lastKnownFileType = text.plist.xml; path = Info.plist; sourceTree = "<group>"; };
		1F27C9652F7057CC004D4D1E /* Pinpoint Accessibility Checker.app */ = {isa = PBXFileReference; explicitFileType = wrapper.application; includeInIndex = 0; path = "Pinpoint Accessibility Checker.app"; sourceTree = BUILT_PRODUCTS_DIR; };
		1F27C9672F7057CC004D4D1E /* AppDelegate.swift */ = {isa = PBXFileReference; lastKnownFileType = sourcecode.swift; path = AppDelegate.swift; sourceTree = "<group>"; };
		1F27C96A2F7057CC004D4D1E /* Base */ = {isa = PBXFileReference; lastKnownFileType = file.storyboard; name = Base; path = Base.lproj/Main.storyboard; sourceTree = "<group>"; };
		1F27C96C2F7057CC004D4D1E /* Info.plist */ = {isa = PBXFileReference; lastKnownFileType = text.plist.xml; path = Info.plist; sourceTree = "<group>"; };
		1F27C9712F7057CC004D4D1E /* Pinpoint Accessibility Checker Extension.appex */ = {isa = PBXFileReference; explicitFileType = "wrapper.app-extension"; includeInIndex = 0; path = "Pinpoint Accessibility Checker Extension.appex"; sourceTree = BUILT_PRODUCTS_DIR; };
		1F27C9762F7057CC004D4D1E /* Info.plist */ = {isa = PBXFileReference; lastKnownFileType = text.plist.xml; path = Info.plist; sourceTree = "<group>"; };
		1F27C97B2F7057CC004D4D1E /* Pinpoint Accessibility Checker Extension.appex */ = {isa = PBXFileReference; explicitFileType = "wrapper.app-extension"; includeInIndex = 0; path = "Pinpoint Accessibility Checker Extension.appex"; sourceTree = BUILT_PRODUCTS_DIR; };
		1F27C9802F7057CC004D4D1E /* Info.plist */ = {isa = PBXFileReference; lastKnownFileType = text.plist.xml; path = Info.plist; sourceTree = "<group>"; };
		1F27C9A02F7057CC004D4D1E /* popup.js */ = {isa = PBXFileReference; lastKnownFileType = sourcecode.javascript; name = popup.js; path = Resources/popup.js; sourceTree = "<group>"; };
		1F27C9A12F7057CC004D4D1E /* gsap.min.js */ = {isa = PBXFileReference; lastKnownFileType = sourcecode.javascript; name = gsap.min.js; path = Resources/gsap.min.js; sourceTree = "<group>"; };
		1F27C9A22F7057CC004D4D1E /* background.js */ = {isa = PBXFileReference; lastKnownFileType = sourcecode.javascript; name = background.js; path = Resources/background.js; sourceTree = "<group>"; };
		1F27C9A32F7057CC004D4D1E /* popup.html */ = {isa = PBXFileReference; lastKnownFileType = text.html; name = popup.html; path = Resources/popup.html; sourceTree = "<group>"; };
		1F27C9A42F7057CC004D4D1E /* axe-core.min.js */ = {isa = PBXFileReference; lastKnownFileType = sourcecode.javascript; name = "axe-core.min.js"; path = "Resources/axe-core.min.js"; sourceTree = "<group>"; };
		1F27C9A52F7057CC004D4D1E /* accessibility-checker.js */ = {isa = PBXFileReference; lastKnownFileType = sourcecode.javascript; name = "accessibility-checker.js"; path = "Resources/accessibility-checker.js"; sourceTree = "<group>"; };
		1F27C9A62F7057CC004D4D1E /* icons */ = {isa = PBXFileReference; lastKnownFileType = folder; name = icons; path = Resources/icons; sourceTree = "<group>"; };
		1F27C9A72F7057CC004D4D1E /* manifest.json */ = {isa = PBXFileReference; lastKnownFileType = text.json; name = manifest.json; path = Resources/manifest.json; sourceTree = "<group>"; };
		1F27C9A82F7057CC004D4D1E /* content-script.js */ = {isa = PBXFileReference; lastKnownFileType = sourcecode.javascript; name = "content-script.js"; path = "Resources/content-script.js"; sourceTree = "<group>"; };
		1F27C9A92F7057CC004D4D1E /* popup.css */ = {isa = PBXFileReference; lastKnownFileType = text.css; name = popup.css; path = Resources/popup.css; sourceTree = "<group>"; };
/* End PBXFileReference section */

/* Begin PBXFrameworksBuildPhase section */
		1F27C9502F7057CC004D4D1E /* Frameworks */ = {
			isa = PBXFrameworksBuildPhase;
			buildActionMask = 2147483647;
			files = (
			);
			runOnlyForDeploymentPostprocessing = 0;
		};
		1F27C9622F7057CC004D4D1E /* Frameworks */ = {
			isa = PBXFrameworksBuildPhase;
			buildActionMask = 2147483647;
			files = (
			);
			runOnlyForDeploymentPostprocessing = 0;
		};
		1F27C96E2F7057CC004D4D1E /* Frameworks */ = {
			isa = PBXFrameworksBuildPhase;
			buildActionMask = 2147483647;
			files = (
			);
			runOnlyForDeploymentPostprocessing = 0;
		};
		1F27C9782F7057CC004D4D1E /* Frameworks */ = {
			isa = PBXFrameworksBuildPhase;
			buildActionMask = 2147483647;
			files = (
			);
			runOnlyForDeploymentPostprocessing = 0;
		};
/* End PBXFrameworksBuildPhase section */

/* Begin PBXGroup section */
		1F27C93F2F7057CB004D4D1E = {
			isa = PBXGroup;
			children = (
				1F27C9442F7057CB004D4D1E /* Shared (App) */,
				1F27C94D2F7057CC004D4D1E /* Shared (Extension) */,
				1F27C9552F7057CC004D4D1E /* iOS (App) */,
				1F27C9662F7057CC004D4D1E /* macOS (App) */,
				1F27C9752F7057CC004D4D1E /* iOS (Extension) */,
				1F27C97F2F7057CC004D4D1E /* macOS (Extension) */,
				1F27C9542F7057CC004D4D1E /* Products */,
			);
			sourceTree = "<group>";
		};
		1F27C9442F7057CB004D4D1E /* Shared (App) */ = {
			isa = PBXGroup;
			children = (
				1F27C94B2F7057CB004D4D1E /* ViewController.swift */,
				1F27C94C2F7057CC004D4D1E /* Assets.xcassets */,
				1F27C9452F7057CB004D4D1E /* Resources */,
			);
			path = "Shared (App)";
			sourceTree = "<group>";
		};
		1F27C9452F7057CB004D4D1E /* Resources */ = {
			isa = PBXGroup;
			children = (
				1F27C9462F7057CB004D4D1E /* Main.html */,
				1F27C9482F7057CB004D4D1E /* Icon.png */,
				1F27C9492F7057CB004D4D1E /* Style.css */,
				1F27C94A2F7057CB004D4D1E /* Script.js */,
			);
			path = Resources;
			sourceTree = "<group>";
		};
		1F27C94D2F7057CC004D4D1E /* Shared (Extension) */ = {
			isa = PBXGroup;
			children = (
				1F27C99F2F7057CC004D4D1E /* Resources */,
				1F27C94E2F7057CC004D4D1E /* SafariWebExtensionHandler.swift */,
			);
			path = "Shared (Extension)";
			sourceTree = "<group>";
		};
		1F27C9542F7057CC004D4D1E /* Products */ = {
			isa = PBXGroup;
			children = (
				1F27C9532F7057CC004D4D1E /* Pinpoint Accessibility Checker.app */,
				1F27C9652F7057CC004D4D1E /* Pinpoint Accessibility Checker.app */,
				1F27C9712F7057CC004D4D1E /* Pinpoint Accessibility Checker Extension.appex */,
				1F27C97B2F7057CC004D4D1E /* Pinpoint Accessibility Checker Extension.appex */,
			);
			name = Products;
			sourceTree = "<group>";
		};
		1F27C9552F7057CC004D4D1E /* iOS (App) */ = {
			isa = PBXGroup;
			children = (
				1F27C9562F7057CC004D4D1E /* AppDelegate.swift */,
				1F27C9582F7057CC004D4D1E /* SceneDelegate.swift */,
				1F27C95A2F7057CC004D4D1E /* LaunchScreen.storyboard */,
				1F27C95D2F7057CC004D4D1E /* Main.storyboard */,
				1F27C9602F7057CC004D4D1E /* Info.plist */,
			);
			path = "iOS (App)";
			sourceTree = "<group>";
		};
		1F27C9662F7057CC004D4D1E /* macOS (App) */ = {
			isa = PBXGroup;
			children = (
				1F27C9672F7057CC004D4D1E /* AppDelegate.swift */,
				1F27C9692F7057CC004D4D1E /* Main.storyboard */,
				1F27C96C2F7057CC004D4D1E /* Info.plist */,
			);
			path = "macOS (App)";
			sourceTree = "<group>";
		};
		1F27C9752F7057CC004D4D1E /* iOS (Extension) */ = {
			isa = PBXGroup;
			children = (
				1F27C9762F7057CC004D4D1E /* Info.plist */,
			);
			path = "iOS (Extension)";
			sourceTree = "<group>";
		};
		1F27C97F2F7057CC004D4D1E /* macOS (Extension) */ = {
			isa = PBXGroup;
			children = (
				1F27C9802F7057CC004D4D1E /* Info.plist */,
			);
			path = "macOS (Extension)";
			sourceTree = "<group>";
		};
		1F27C99F2F7057CC004D4D1E /* Resources */ = {
			isa = PBXGroup;
			children = (
				1F27C9A02F7057CC004D4D1E /* popup.js */,
				1F27C9A12F7057CC004D4D1E /* gsap.min.js */,
				1F27C9A22F7057CC004D4D1E /* background.js */,
				1F27C9A32F7057CC004D4D1E /* popup.html */,
				1F27C9A42F7057CC004D4D1E /* axe-core.min.js */,
				1F27C9A52F7057CC004D4D1E /* accessibility-checker.js */,
				1F27C9A62F7057CC004D4D1E /* icons */,
				1F27C9A72F7057CC004D4D1E /* manifest.json */,
				1F27C9A82F7057CC004D4D1E /* content-script.js */,
				1F27C9A92F7057CC004D4D1E /* popup.css */,
			);
			name = Resources;
			path = "Shared (Extension)";
			sourceTree = SOURCE_ROOT;
		};
/* End PBXGroup section */

/* Begin PBXNativeTarget section */
		1F27C9522F7057CC004D4D1E /* Pinpoint Accessibility Checker (iOS) */ = {
			isa = PBXNativeTarget;
			buildConfigurationList = 1F27C9952F7057CC004D4D1E /* Build configuration list for PBXNativeTarget "Pinpoint Accessibility Checker (iOS)" */;
			buildPhases = (
				1F27C94F2F7057CC004D4D1E /* Sources */,
				1F27C9502F7057CC004D4D1E /* Frameworks */,
				1F27C9512F7057CC004D4D1E /* Resources */,
				1F27C9942F7057CC004D4D1E /* Embed Foundation Extensions */,
			);
			buildRules = (
			);
			dependencies = (
				1F27C9742F7057CC004D4D1E /* PBXTargetDependency */,
			);
			name = "Pinpoint Accessibility Checker (iOS)";
			packageProductDependencies = (
			);
			productName = "Pinpoint Accessibility Checker (iOS)";
			productReference = 1F27C9532F7057CC004D4D1E /* Pinpoint Accessibility Checker.app */;
			productType = "com.apple.product-type.application";
		};
		1F27C9642F7057CC004D4D1E /* Pinpoint Accessibility Checker (macOS) */ = {
			isa = PBXNativeTarget;
			buildConfigurationList = 1F27C99C2F7057CC004D4D1E /* Build configuration list for PBXNativeTarget "Pinpoint Accessibility Checker (macOS)" */;
			buildPhases = (
				1F27C9612F7057CC004D4D1E /* Sources */,
				1F27C9622F7057CC004D4D1E /* Frameworks */,
				1F27C9632F7057CC004D4D1E /* Resources */,
				1F27C99B2F7057CC004D4D1E /* Embed Foundation Extensions */,
			);
			buildRules = (
			);
			dependencies = (
				1F27C97E2F7057CC004D4D1E /* PBXTargetDependency */,
			);
			name = "Pinpoint Accessibility Checker (macOS)";
			packageProductDependencies = (
			);
			productName = "Pinpoint Accessibility Checker (macOS)";
			productReference = 1F27C9652F7057CC004D4D1E /* Pinpoint Accessibility Checker.app */;
			productType = "com.apple.product-type.application";
		};
		1F27C9702F7057CC004D4D1E /* Pinpoint Accessibility Checker Extension (iOS) */ = {
			isa = PBXNativeTarget;
			buildConfigurationList = 1F27C9912F7057CC004D4D1E /* Build configuration list for PBXNativeTarget "Pinpoint Accessibility Checker Extension (iOS)" */;
			buildPhases = (
				1F27C96D2F7057CC004D4D1E /* Sources */,
				1F27C96E2F7057CC004D4D1E /* Frameworks */,
				1F27C96F2F7057CC004D4D1E /* Resources */,
			);
			buildRules = (
			);
			dependencies = (
			);
			name = "Pinpoint Accessibility Checker Extension (iOS)";
			packageProductDependencies = (
			);
			productName = "Pinpoint Accessibility Checker Extension (iOS)";
			productReference = 1F27C9712F7057CC004D4D1E /* Pinpoint Accessibility Checker Extension.appex */;
			productType = "com.apple.product-type.app-extension";
		};
		1F27C97A2F7057CC004D4D1E /* Pinpoint Accessibility Checker Extension (macOS) */ = {
			isa = PBXNativeTarget;
			buildConfigurationList = 1F27C9982F7057CC004D4D1E /* Build configuration list for PBXNativeTarget "Pinpoint Accessibility Checker Extension (macOS)" */;
			buildPhases = (
				1F27C9772F7057CC004D4D1E /* Sources */,
				1F27C9782F7057CC004D4D1E /* Frameworks */,
				1F27C9792F7057CC004D4D1E /* Resources */,
			);
			buildRules = (
			);
			dependencies = (
			);
			name = "Pinpoint Accessibility Checker Extension (macOS)";
			packageProductDependencies = (
			);
			productName = "Pinpoint Accessibility Checker Extension (macOS)";
			productReference = 1F27C97B2F7057CC004D4D1E /* Pinpoint Accessibility Checker Extension.appex */;
			productType = "com.apple.product-type.app-extension";
		};
/* End PBXNativeTarget section */

/* Begin PBXProject section */
		1F27C9402F7057CB004D4D1E /* Project object */ = {
			isa = PBXProject;
			attributes = {
				BuildIndependentTargetsInParallel = 1;
				LastSwiftUpdateCheck = 2630;
				LastUpgradeCheck = 2630;
				TargetAttributes = {
					1F27C9522F7057CC004D4D1E = {
						CreatedOnToolsVersion = 26.3;
					};
					1F27C9642F7057CC004D4D1E = {
						CreatedOnToolsVersion = 26.3;
					};
					1F27C9702F7057CC004D4D1E = {
						CreatedOnToolsVersion = 26.3;
					};
					1F27C97A2F7057CC004D4D1E = {
						CreatedOnToolsVersion = 26.3;
					};
				};
			};
			buildConfigurationList = 1F27C9432F7057CB004D4D1E /* Build configuration list for PBXProject "Pinpoint Accessibility Checker" */;
			developmentRegion = en;
			hasScannedForEncodings = 0;
			knownRegions = (
				en,
				Base,
			);
			mainGroup = 1F27C93F2F7057CB004D4D1E;
			minimizedProjectReferenceProxies = 1;
			preferredProjectObjectVersion = 77;
			productRefGroup = 1F27C9542F7057CC004D4D1E /* Products */;
			projectDirPath = "";
			projectRoot = "";
			targets = (
				1F27C9522F7057CC004D4D1E /* Pinpoint Accessibility Checker (iOS) */,
				1F27C9642F7057CC004D4D1E /* Pinpoint Accessibility Checker (macOS) */,
				1F27C9702F7057CC004D4D1E /* Pinpoint Accessibility Checker Extension (iOS) */,
				1F27C97A2F7057CC004D4D1E /* Pinpoint Accessibility Checker Extension (macOS) */,
			);
		};
/* End PBXProject section */

/* Begin PBXResourcesBuildPhase section */
		1F27C9512F7057CC004D4D1E /* Resources */ = {
			isa = PBXResourcesBuildPhase;
			buildActionMask = 2147483647;
			files = (
				1F27C9832F7057CC004D4D1E /* Icon.png in Resources */,
				1F27C95C2F7057CC004D4D1E /* LaunchScreen.storyboard in Resources */,
				1F27C9812F7057CC004D4D1E /* Main.html in Resources */,
				1F27C9872F7057CC004D4D1E /* Script.js in Resources */,
				1F27C98B2F7057CC004D4D1E /* Assets.xcassets in Resources */,
				1F27C95F2F7057CC004D4D1E /* Main.storyboard in Resources */,
				1F27C9852F7057CC004D4D1E /* Style.css in Resources */,
			);
			runOnlyForDeploymentPostprocessing = 0;
		};
		1F27C9632F7057CC004D4D1E /* Resources */ = {
			isa = PBXResourcesBuildPhase;
			buildActionMask = 2147483647;
			files = (
				1F27C9842F7057CC004D4D1E /* Icon.png in Resources */,
				1F27C9862F7057CC004D4D1E /* Style.css in Resources */,
				1F27C96B2F7057CC004D4D1E /* Main.storyboard in Resources */,
				1F27C9882F7057CC004D4D1E /* Script.js in Resources */,
				1F27C98C2F7057CC004D4D1E /* Assets.xcassets in Resources */,
				1F27C9822F7057CC004D4D1E /* Main.html in Resources */,
			);
			runOnlyForDeploymentPostprocessing = 0;
		};
		1F27C96F2F7057CC004D4D1E /* Resources */ = {
			isa = PBXResourcesBuildPhase;
			buildActionMask = 2147483647;
			files = (
				1F27C9BD2F7057CC004D4D1E /* popup.css in Resources */,
				1F27C9B82F7057CC004D4D1E /* axe-core.min.js in Resources */,
				1F27C9B92F7057CC004D4D1E /* accessibility-checker.js in Resources */,
				1F27C9B42F7057CC004D4D1E /* popup.js in Resources */,
				1F27C9B72F7057CC004D4D1E /* popup.html in Resources */,
				1F27C9BB2F7057CC004D4D1E /* manifest.json in Resources */,
				1F27C9BC2F7057CC004D4D1E /* content-script.js in Resources */,
				1F27C9B62F7057CC004D4D1E /* background.js in Resources */,
				1F27C9BA2F7057CC004D4D1E /* icons in Resources */,
				1F27C9B52F7057CC004D4D1E /* gsap.min.js in Resources */,
			);
			runOnlyForDeploymentPostprocessing = 0;
		};
		1F27C9792F7057CC004D4D1E /* Resources */ = {
			isa = PBXResourcesBuildPhase;
			buildActionMask = 2147483647;
			files = (
				1F27C9B32F7057CC004D4D1E /* popup.css in Resources */,
				1F27C9AE2F7057CC004D4D1E /* axe-core.min.js in Resources */,
				1F27C9AF2F7057CC004D4D1E /* accessibility-checker.js in Resources */,
				1F27C9AA2F7057CC004D4D1E /* popup.js in Resources */,
				1F27C9AD2F7057CC004D4D1E /* popup.html in Resources */,
				1F27C9B12F7057CC004D4D1E /* manifest.json in Resources */,
				1F27C9B22F7057CC004D4D1E /* content-script.js in Resources */,
				1F27C9AC2F7057CC004D4D1E /* background.js in Resources */,
				1F27C9B02F7057CC004D4D1E /* icons in Resources */,
				1F27C9AB2F7057CC004D4D1E /* gsap.min.js in Resources */,
			);
			runOnlyForDeploymentPostprocessing = 0;
		};
/* End PBXResourcesBuildPhase section */

/* Begin PBXSourcesBuildPhase section */
		1F27C94F2F7057CC004D4D1E /* Sources */ = {
			isa = PBXSourcesBuildPhase;
			buildActionMask = 2147483647;
			files = (
				1F27C9892F7057CC004D4D1E /* ViewController.swift in Sources */,
				1F27C9572F7057CC004D4D1E /* AppDelegate.swift in Sources */,
				1F27C9592F7057CC004D4D1E /* SceneDelegate.swift in Sources */,
			);
			runOnlyForDeploymentPostprocessing = 0;
		};
		1F27C9612F7057CC004D4D1E /* Sources */ = {
			isa = PBXSourcesBuildPhase;
			buildActionMask = 2147483647;
			files = (
				1F27C98A2F7057CC004D4D1E /* ViewController.swift in Sources */,
				1F27C9682F7057CC004D4D1E /* AppDelegate.swift in Sources */,
			);
			runOnlyForDeploymentPostprocessing = 0;
		};
		1F27C96D2F7057CC004D4D1E /* Sources */ = {
			isa = PBXSourcesBuildPhase;
			buildActionMask = 2147483647;
			files = (
				1F27C98D2F7057CC004D4D1E /* SafariWebExtensionHandler.swift in Sources */,
			);
			runOnlyForDeploymentPostprocessing = 0;
		};
		1F27C9772F7057CC004D4D1E /* Sources */ = {
			isa = PBXSourcesBuildPhase;
			buildActionMask = 2147483647;
			files = (
				1F27C98E2F7057CC004D4D1E /* SafariWebExtensionHandler.swift in Sources */,
			);
			runOnlyForDeploymentPostprocessing = 0;
		};
/* End PBXSourcesBuildPhase section */

/* Begin PBXTargetDependency section */
		1F27C9742F7057CC004D4D1E /* PBXTargetDependency */ = {
			isa = PBXTargetDependency;
			target = 1F27C9702F7057CC004D4D1E /* Pinpoint Accessibility Checker Extension (iOS) */;
			targetProxy = 1F27C9732F7057CC004D4D1E /* PBXContainerItemProxy */;
		};
		1F27C97E2F7057CC004D4D1E /* PBXTargetDependency */ = {
			isa = PBXTargetDependency;
			target = 1F27C97A2F7057CC004D4D1E /* Pinpoint Accessibility Checker Extension (macOS) */;
			targetProxy = 1F27C97D2F7057CC004D4D1E /* PBXContainerItemProxy */;
		};
/* End PBXTargetDependency section */

/* Begin PBXVariantGroup section */
		1F27C9462F7057CB004D4D1E /* Main.html */ = {
			isa = PBXVariantGroup;
			children = (
				1F27C9472F7057CB004D4D1E /* Base */,
			);
			name = Main.html;
			sourceTree = "<group>";
		};
		1F27C95A2F7057CC004D4D1E /* LaunchScreen.storyboard */ = {
			isa = PBXVariantGroup;
			children = (
				1F27C95B2F7057CC004D4D1E /* Base */,
			);
			name = LaunchScreen.storyboard;
			sourceTree = "<group>";
		};
		1F27C95D2F7057CC004D4D1E /* Main.storyboard */ = {
			isa = PBXVariantGroup;
			children = (
				1F27C95E2F7057CC004D4D1E /* Base */,
			);
			name = Main.storyboard;
			sourceTree = "<group>";
		};
		1F27C9692F7057CC004D4D1E /* Main.storyboard */ = {
			isa = PBXVariantGroup;
			children = (
				1F27C96A2F7057CC004D4D1E /* Base */,
			);
			name = Main.storyboard;
			sourceTree = "<group>";
		};
/* End PBXVariantGroup section */

/* Begin XCBuildConfiguration section */
		1F27C98F2F7057CC004D4D1E /* Debug */ = {
			isa = XCBuildConfiguration;
			buildSettings = {
				ALWAYS_SEARCH_USER_PATHS = NO;
				ASSETCATALOG_COMPILER_GENERATE_SWIFT_ASSET_SYMBOL_EXTENSIONS = YES;
				CLANG_ANALYZER_NONNULL = YES;
				CLANG_ANALYZER_NUMBER_OBJECT_CONVERSION = YES_AGGRESSIVE;
				CLANG_CXX_LANGUAGE_STANDARD = "gnu++20";
				CLANG_ENABLE_MODULES = YES;
				CLANG_ENABLE_OBJC_ARC = YES;
				CLANG_ENABLE_OBJC_WEAK = YES;
				CLANG_WARN_BLOCK_CAPTURE_AUTORELEASING = YES;
				CLANG_WARN_BOOL_CONVERSION = YES;
				CLANG_WARN_COMMA = YES;
				CLANG_WARN_CONSTANT_CONVERSION = YES;
				CLANG_WARN_DEPRECATED_OBJC_IMPLEMENTATIONS = YES;
				CLANG_WARN_DIRECT_OBJC_ISA_USAGE = YES_ERROR;
				CLANG_WARN_DOCUMENTATION_COMMENTS = YES;
				CLANG_WARN_EMPTY_BODY = YES;
				CLANG_WARN_ENUM_CONVERSION = YES;
				CLANG_WARN_INFINITE_RECURSION = YES;
				CLANG_WARN_INT_CONVERSION = YES;
				CLANG_WARN_NON_LITERAL_NULL_CONVERSION = YES;
				CLANG_WARN_OBJC_IMPLICIT_RETAIN_SELF = YES;
				CLANG_WARN_OBJC_LITERAL_CONVERSION = YES;
				CLANG_WARN_OBJC_ROOT_CLASS = YES_ERROR;
				CLANG_WARN_QUOTED_INCLUDE_IN_FRAMEWORK_HEADER = YES;
				CLANG_WARN_RANGE_LOOP_ANALYSIS = YES;
				CLANG_WARN_STRICT_PROTOTYPES = YES;
				CLANG_WARN_SUSPICIOUS_MOVE = YES;
				CLANG_WARN_UNGUARDED_AVAILABILITY = YES_AGGRESSIVE;
				CLANG_WARN_UNREACHABLE_CODE = YES;
				CLANG_WARN__DUPLICATE_METHOD_MATCH = YES;
				COPY_PHASE_STRIP = NO;
				DEBUG_INFORMATION_FORMAT = dwarf;
				ENABLE_STRICT_OBJC_MSGSEND = YES;
				ENABLE_TESTABILITY = YES;
				ENABLE_USER_SCRIPT_SANDBOXING = YES;
				GCC_C_LANGUAGE_STANDARD = gnu17;
				GCC_DYNAMIC_NO_PIC = NO;
				GCC_NO_COMMON_BLOCKS = YES;
				GCC_OPTIMIZATION_LEVEL = 0;
				GCC_PREPROCESSOR_DEFINITIONS = (
					"DEBUG=1",
					"$(inherited)",
				);
				GCC_WARN_64_TO_32_BIT_CONVERSION = YES;
				GCC_WARN_ABOUT_RETURN_TYPE = YES_ERROR;
				GCC_WARN_UNDECLARED_SELECTOR = YES;
				GCC_WARN_UNINITIALIZED_AUTOS = YES_AGGRESSIVE;
				GCC_WARN_UNUSED_FUNCTION = YES;
				GCC_WARN_UNUSED_VARIABLE = YES;
				LOCALIZATION_PREFERS_STRING_CATALOGS = YES;
				MTL_ENABLE_DEBUG_INFO = INCLUDE_SOURCE;
				MTL_FAST_MATH = YES;
				ONLY_ACTIVE_ARCH = YES;
				SWIFT_ACTIVE_COMPILATION_CONDITIONS = "DEBUG $(inherited)";
				SWIFT_OPTIMIZATION_LEVEL = "-Onone";
			};
			name = Debug;
		};
		1F27C9902F7057CC004D4D1E /* Release */ = {
			isa = XCBuildConfiguration;
			buildSettings = {
				ALWAYS_SEARCH_USER_PATHS = NO;
				ASSETCATALOG_COMPILER_GENERATE_SWIFT_ASSET_SYMBOL_EXTENSIONS = YES;
				CLANG_ANALYZER_NONNULL = YES;
				CLANG_ANALYZER_NUMBER_OBJECT_CONVERSION = YES_AGGRESSIVE;
				CLANG_CXX_LANGUAGE_STANDARD = "gnu++20";
				CLANG_ENABLE_MODULES = YES;
				CLANG_ENABLE_OBJC_ARC = YES;
				CLANG_ENABLE_OBJC_WEAK = YES;
				CLANG_WARN_BLOCK_CAPTURE_AUTORELEASING = YES;
				CLANG_WARN_BOOL_CONVERSION = YES;
				CLANG_WARN_COMMA = YES;
				CLANG_WARN_CONSTANT_CONVERSION = YES;
				CLANG_WARN_DEPRECATED_OBJC_IMPLEMENTATIONS = YES;
				CLANG_WARN_DIRECT_OBJC_ISA_USAGE = YES_ERROR;
				CLANG_WARN_DOCUMENTATION_COMMENTS = YES;
				CLANG_WARN_EMPTY_BODY = YES;
				CLANG_WARN_ENUM_CONVERSION = YES;
				CLANG_WARN_INFINITE_RECURSION = YES;
				CLANG_WARN_INT_CONVERSION = YES;
				CLANG_WARN_NON_LITERAL_NULL_CONVERSION = YES;
				CLANG_WARN_OBJC_IMPLICIT_RETAIN_SELF = YES;
				CLANG_WARN_OBJC_LITERAL_CONVERSION = YES;
				CLANG_WARN_OBJC_ROOT_CLASS = YES_ERROR;
				CLANG_WARN_QUOTED_INCLUDE_IN_FRAMEWORK_HEADER = YES;
				CLANG_WARN_RANGE_LOOP_ANALYSIS = YES;
				CLANG_WARN_STRICT_PROTOTYPES = YES;
				CLANG_WARN_SUSPICIOUS_MOVE = YES;
				CLANG_WARN_UNGUARDED_AVAILABILITY = YES_AGGRESSIVE;
				CLANG_WARN_UNREACHABLE_CODE = YES;
				CLANG_WARN__DUPLICATE_METHOD_MATCH = YES;
				COPY_PHASE_STRIP = NO;
				DEBUG_INFORMATION_FORMAT = "dwarf-with-dsym";
				ENABLE_NS_ASSERTIONS = NO;
				ENABLE_STRICT_OBJC_MSGSEND = YES;
				ENABLE_USER_SCRIPT_SANDBOXING = YES;
				GCC_C_LANGUAGE_STANDARD = gnu17;
				GCC_NO_COMMON_BLOCKS = YES;
				GCC_WARN_64_TO_32_BIT_CONVERSION = YES;
				GCC_WARN_ABOUT_RETURN_TYPE = YES_ERROR;
				GCC_WARN_UNDECLARED_SELECTOR = YES;
				GCC_WARN_UNINITIALIZED_AUTOS = YES_AGGRESSIVE;
				GCC_WARN_UNUSED_FUNCTION = YES;
				GCC_WARN_UNUSED_VARIABLE = YES;
				LOCALIZATION_PREFERS_STRING_CATALOGS = YES;
				MTL_ENABLE_DEBUG_INFO = NO;
				MTL_FAST_MATH = YES;
				SWIFT_COMPILATION_MODE = wholemodule;
			};
			name = Release;
		};
		1F27C9922F7057CC004D4D1E /* Debug */ = {
			isa = XCBuildConfiguration;
			buildSettings = {
				CODE_SIGN_STYLE = Automatic;
				CURRENT_PROJECT_VERSION = 1;
				GENERATE_INFOPLIST_FILE = YES;
				INFOPLIST_FILE = "iOS (Extension)/Info.plist";
				INFOPLIST_KEY_CFBundleDisplayName = "Pinpoint Accessibility Checker Extension";
				INFOPLIST_KEY_NSHumanReadableCopyright = "";
				IPHONEOS_DEPLOYMENT_TARGET = 15.0;
				LD_RUNPATH_SEARCH_PATHS = (
					"$(inherited)",
					"@executable_path/Frameworks",
					"@executable_path/../../Frameworks",
				);
				MARKETING_VERSION = 1.0;
				OTHER_LDFLAGS = (
					"-framework",
					SafariServices,
				);
				PRODUCT_BUNDLE_IDENTIFIER = com.pinpoint.accessibilitychecker.dev.Extension;
				PRODUCT_NAME = "Pinpoint Accessibility Checker Extension";
				SDKROOT = iphoneos;
				SKIP_INSTALL = YES;
				STRING_CATALOG_GENERATE_SYMBOLS = YES;
				SWIFT_APPROACHABLE_CONCURRENCY = YES;
				SWIFT_EMIT_LOC_STRINGS = YES;
				SWIFT_UPCOMING_FEATURE_MEMBER_IMPORT_VISIBILITY = YES;
				SWIFT_VERSION = 5.0;
				TARGETED_DEVICE_FAMILY = "1,2";
			};
			name = Debug;
		};
		1F27C9932F7057CC004D4D1E /* Release */ = {
			isa = XCBuildConfiguration;
			buildSettings = {
				CODE_SIGN_STYLE = Automatic;
				CURRENT_PROJECT_VERSION = 1;
				GENERATE_INFOPLIST_FILE = YES;
				INFOPLIST_FILE = "iOS (Extension)/Info.plist";
				INFOPLIST_KEY_CFBundleDisplayName = "Pinpoint Accessibility Checker Extension";
				INFOPLIST_KEY_NSHumanReadableCopyright = "";
				IPHONEOS_DEPLOYMENT_TARGET = 15.0;
				LD_RUNPATH_SEARCH_PATHS = (
					"$(inherited)",
					"@executable_path/Frameworks",
					"@executable_path/../../Frameworks",
				);
				MARKETING_VERSION = 1.0;
				OTHER_LDFLAGS = (
					"-framework",
					SafariServices,
				);
				PRODUCT_BUNDLE_IDENTIFIER = com.pinpoint.accessibilitychecker.dev.Extension;
				PRODUCT_NAME = "Pinpoint Accessibility Checker Extension";
				SDKROOT = iphoneos;
				SKIP_INSTALL = YES;
				STRING_CATALOG_GENERATE_SYMBOLS = YES;
				SWIFT_APPROACHABLE_CONCURRENCY = YES;
				SWIFT_EMIT_LOC_STRINGS = YES;
				SWIFT_UPCOMING_FEATURE_MEMBER_IMPORT_VISIBILITY = YES;
				SWIFT_VERSION = 5.0;
				TARGETED_DEVICE_FAMILY = "1,2";
				VALIDATE_PRODUCT = YES;
			};
			name = Release;
		};
		1F27C9962F7057CC004D4D1E /* Debug */ = {
			isa = XCBuildConfiguration;
			buildSettings = {
				ASSETCATALOG_COMPILER_APPICON_NAME = AppIcon;
				ASSETCATALOG_COMPILER_GLOBAL_ACCENT_COLOR_NAME = AccentColor;
				CODE_SIGN_STYLE = Automatic;
				CURRENT_PROJECT_VERSION = 1;
				GENERATE_INFOPLIST_FILE = YES;
				INFOPLIST_FILE = "iOS (App)/Info.plist";
				INFOPLIST_KEY_CFBundleDisplayName = "Pinpoint Accessibility Checker";
				INFOPLIST_KEY_UIApplicationSupportsIndirectInputEvents = YES;
				INFOPLIST_KEY_UILaunchStoryboardName = LaunchScreen;
				INFOPLIST_KEY_UIMainStoryboardFile = Main;
				INFOPLIST_KEY_UISupportedInterfaceOrientations = "UIInterfaceOrientationPortrait UIInterfaceOrientationLandscapeLeft UIInterfaceOrientationLandscapeRight";
				INFOPLIST_KEY_UISupportedInterfaceOrientations_iPad = "UIInterfaceOrientationPortrait UIInterfaceOrientationPortraitUpsideDown UIInterfaceOrientationLandscapeLeft UIInterfaceOrientationLandscapeRight";
				IPHONEOS_DEPLOYMENT_TARGET = 15.0;
				LD_RUNPATH_SEARCH_PATHS = (
					"$(inherited)",
					"@executable_path/Frameworks",
				);
				MARKETING_VERSION = 1.0;
				OTHER_LDFLAGS = (
					"-framework",
					SafariServices,
					"-framework",
					WebKit,
				);
				PRODUCT_BUNDLE_IDENTIFIER = com.pinpoint.accessibilitychecker.dev;
				PRODUCT_NAME = "Pinpoint Accessibility Checker";
				SDKROOT = iphoneos;
				STRING_CATALOG_GENERATE_SYMBOLS = YES;
				SWIFT_APPROACHABLE_CONCURRENCY = YES;
				SWIFT_DEFAULT_ACTOR_ISOLATION = MainActor;
				SWIFT_EMIT_LOC_STRINGS = YES;
				SWIFT_UPCOMING_FEATURE_MEMBER_IMPORT_VISIBILITY = YES;
				SWIFT_VERSION = 5.0;
				TARGETED_DEVICE_FAMILY = "1,2";
			};
			name = Debug;
		};
		1F27C9972F7057CC004D4D1E /* Release */ = {
			isa = XCBuildConfiguration;
			buildSettings = {
				ASSETCATALOG_COMPILER_APPICON_NAME = AppIcon;
				ASSETCATALOG_COMPILER_GLOBAL_ACCENT_COLOR_NAME = AccentColor;
				CODE_SIGN_STYLE = Automatic;
				CURRENT_PROJECT_VERSION = 1;
				GENERATE_INFOPLIST_FILE = YES;
				INFOPLIST_FILE = "iOS (App)/Info.plist";
				INFOPLIST_KEY_CFBundleDisplayName = "Pinpoint Accessibility Checker";
				INFOPLIST_KEY_UIApplicationSupportsIndirectInputEvents = YES;
				INFOPLIST_KEY_UILaunchStoryboardName = LaunchScreen;
				INFOPLIST_KEY_UIMainStoryboardFile = Main;
				INFOPLIST_KEY_UISupportedInterfaceOrientations = "UIInterfaceOrientationPortrait UIInterfaceOrientationLandscapeLeft UIInterfaceOrientationLandscapeRight";
				INFOPLIST_KEY_UISupportedInterfaceOrientations_iPad = "UIInterfaceOrientationPortrait UIInterfaceOrientationPortraitUpsideDown UIInterfaceOrientationLandscapeLeft UIInterfaceOrientationLandscapeRight";
				IPHONEOS_DEPLOYMENT_TARGET = 15.0;
				LD_RUNPATH_SEARCH_PATHS = (
					"$(inherited)",
					"@executable_path/Frameworks",
				);
				MARKETING_VERSION = 1.0;
				OTHER_LDFLAGS = (
					"-framework",
					SafariServices,
					"-framework",
					WebKit,
				);
				PRODUCT_BUNDLE_IDENTIFIER = com.pinpoint.accessibilitychecker.dev;
				PRODUCT_NAME = "Pinpoint Accessibility Checker";
				SDKROOT = iphoneos;
				STRING_CATALOG_GENERATE_SYMBOLS = YES;
				SWIFT_APPROACHABLE_CONCURRENCY = YES;
				SWIFT_DEFAULT_ACTOR_ISOLATION = MainActor;
				SWIFT_EMIT_LOC_STRINGS = YES;
				SWIFT_UPCOMING_FEATURE_MEMBER_IMPORT_VISIBILITY = YES;
				SWIFT_VERSION = 5.0;
				TARGETED_DEVICE_FAMILY = "1,2";
				VALIDATE_PRODUCT = YES;
			};
			name = Release;
		};
		1F27C9992F7057CC004D4D1E /* Debug */ = {
			isa = XCBuildConfiguration;
			buildSettings = {
				CODE_SIGN_STYLE = Automatic;
				CURRENT_PROJECT_VERSION = 1;
				ENABLE_APP_SANDBOX = YES;
				ENABLE_HARDENED_RUNTIME = YES;
				ENABLE_USER_SELECTED_FILES = readonly;
				GENERATE_INFOPLIST_FILE = YES;
				INFOPLIST_FILE = "macOS (Extension)/Info.plist";
				INFOPLIST_KEY_CFBundleDisplayName = "Pinpoint Accessibility Checker Extension";
				INFOPLIST_KEY_NSHumanReadableCopyright = "";
				LD_RUNPATH_SEARCH_PATHS = (
					"$(inherited)",
					"@executable_path/../Frameworks",
					"@executable_path/../../../../Frameworks",
				);
				MACOSX_DEPLOYMENT_TARGET = 10.14;
				MARKETING_VERSION = 1.0;
				OTHER_LDFLAGS = (
					"-framework",
					SafariServices,
				);
				PRODUCT_BUNDLE_IDENTIFIER = com.pinpoint.accessibilitychecker.dev.Extension;
				PRODUCT_NAME = "Pinpoint Accessibility Checker Extension";
				SDKROOT = macosx;
				SKIP_INSTALL = YES;
				STRING_CATALOG_GENERATE_SYMBOLS = YES;
				SWIFT_APPROACHABLE_CONCURRENCY = YES;
				SWIFT_EMIT_LOC_STRINGS = YES;
				SWIFT_UPCOMING_FEATURE_MEMBER_IMPORT_VISIBILITY = YES;
				SWIFT_VERSION = 5.0;
			};
			name = Debug;
		};
		1F27C99A2F7057CC004D4D1E /* Release */ = {
			isa = XCBuildConfiguration;
			buildSettings = {
				CODE_SIGN_STYLE = Automatic;
				CURRENT_PROJECT_VERSION = 1;
				ENABLE_APP_SANDBOX = YES;
				ENABLE_HARDENED_RUNTIME = YES;
				ENABLE_USER_SELECTED_FILES = readonly;
				GENERATE_INFOPLIST_FILE = YES;
				INFOPLIST_FILE = "macOS (Extension)/Info.plist";
				INFOPLIST_KEY_CFBundleDisplayName = "Pinpoint Accessibility Checker Extension";
				INFOPLIST_KEY_NSHumanReadableCopyright = "";
				LD_RUNPATH_SEARCH_PATHS = (
					"$(inherited)",
					"@executable_path/../Frameworks",
					"@executable_path/../../../../Frameworks",
				);
				MACOSX_DEPLOYMENT_TARGET = 10.14;
				MARKETING_VERSION = 1.0;
				OTHER_LDFLAGS = (
					"-framework",
					SafariServices,
				);
				PRODUCT_BUNDLE_IDENTIFIER = com.pinpoint.accessibilitychecker.dev.Extension;
				PRODUCT_NAME = "Pinpoint Accessibility Checker Extension";
				SDKROOT = macosx;
				SKIP_INSTALL = YES;
				STRING_CATALOG_GENERATE_SYMBOLS = YES;
				SWIFT_APPROACHABLE_CONCURRENCY = YES;
				SWIFT_EMIT_LOC_STRINGS = YES;
				SWIFT_UPCOMING_FEATURE_MEMBER_IMPORT_VISIBILITY = YES;
				SWIFT_VERSION = 5.0;
			};
			name = Release;
		};
		1F27C99D2F7057CC004D4D1E /* Debug */ = {
			isa = XCBuildConfiguration;
			buildSettings = {
				ASSETCATALOG_COMPILER_APPICON_NAME = AppIcon;
				ASSETCATALOG_COMPILER_GLOBAL_ACCENT_COLOR_NAME = AccentColor;
				CODE_SIGN_STYLE = Automatic;
				CURRENT_PROJECT_VERSION = 1;
				ENABLE_APP_SANDBOX = YES;
				ENABLE_HARDENED_RUNTIME = YES;
				ENABLE_OUTGOING_NETWORK_CONNECTIONS = YES;
				ENABLE_USER_SELECTED_FILES = readonly;
				GENERATE_INFOPLIST_FILE = YES;
				INFOPLIST_FILE = "macOS (App)/Info.plist";
				INFOPLIST_KEY_CFBundleDisplayName = "Pinpoint Accessibility Checker";
				INFOPLIST_KEY_NSMainStoryboardFile = Main;
				INFOPLIST_KEY_NSPrincipalClass = NSApplication;
				LD_RUNPATH_SEARCH_PATHS = (
					"$(inherited)",
					"@executable_path/../Frameworks",
				);
				MACOSX_DEPLOYMENT_TARGET = 10.14;
				MARKETING_VERSION = 1.0;
				OTHER_LDFLAGS = (
					"-framework",
					SafariServices,
					"-framework",
					WebKit,
				);
				PRODUCT_BUNDLE_IDENTIFIER = com.pinpoint.accessibilitychecker.dev;
				PRODUCT_NAME = "Pinpoint Accessibility Checker";
				REGISTER_APP_GROUPS = YES;
				SDKROOT = macosx;
				STRING_CATALOG_GENERATE_SYMBOLS = YES;
				SWIFT_APPROACHABLE_CONCURRENCY = YES;
				SWIFT_DEFAULT_ACTOR_ISOLATION = MainActor;
				SWIFT_EMIT_LOC_STRINGS = YES;
				SWIFT_UPCOMING_FEATURE_MEMBER_IMPORT_VISIBILITY = YES;
				SWIFT_VERSION = 5.0;
			};
			name = Debug;
		};
		1F27C99E2F7057CC004D4D1E /* Release */ = {
			isa = XCBuildConfiguration;
			buildSettings = {
				ASSETCATALOG_COMPILER_APPICON_NAME = AppIcon;
				ASSETCATALOG_COMPILER_GLOBAL_ACCENT_COLOR_NAME = AccentColor;
				CODE_SIGN_STYLE = Automatic;
				CURRENT_PROJECT_VERSION = 1;
				ENABLE_APP_SANDBOX = YES;
				ENABLE_HARDENED_RUNTIME = YES;
				ENABLE_OUTGOING_NETWORK_CONNECTIONS = YES;
				ENABLE_USER_SELECTED_FILES = readonly;
				GENERATE_INFOPLIST_FILE = YES;
				INFOPLIST_FILE = "macOS (App)/Info.plist";
				INFOPLIST_KEY_CFBundleDisplayName = "Pinpoint Accessibility Checker";
				INFOPLIST_KEY_NSMainStoryboardFile = Main;
				INFOPLIST_KEY_NSPrincipalClass = NSApplication;
				LD_RUNPATH_SEARCH_PATHS = (
					"$(inherited)",
					"@executable_path/../Frameworks",
				);
				MACOSX_DEPLOYMENT_TARGET = 10.14;
				MARKETING_VERSION = 1.0;
				OTHER_LDFLAGS = (
					"-framework",
					SafariServices,
					"-framework",
					WebKit,
				);
				PRODUCT_BUNDLE_IDENTIFIER = com.pinpoint.accessibilitychecker.dev;
				PRODUCT_NAME = "Pinpoint Accessibility Checker";
				REGISTER_APP_GROUPS = YES;
				SDKROOT = macosx;
				STRING_CATALOG_GENERATE_SYMBOLS = YES;
				SWIFT_APPROACHABLE_CONCURRENCY = YES;
				SWIFT_DEFAULT_ACTOR_ISOLATION = MainActor;
				SWIFT_EMIT_LOC_STRINGS = YES;
				SWIFT_UPCOMING_FEATURE_MEMBER_IMPORT_VISIBILITY = YES;
				SWIFT_VERSION = 5.0;
			};
			name = Release;
		};
/* End XCBuildConfiguration section */

/* Begin XCConfigurationList section */
		1F27C9432F7057CB004D4D1E /* Build configuration list for PBXProject "Pinpoint Accessibility Checker" */ = {
			isa = XCConfigurationList;
			buildConfigurations = (
				1F27C98F2F7057CC004D4D1E /* Debug */,
				1F27C9902F7057CC004D4D1E /* Release */,
			);
			defaultConfigurationIsVisible = 0;
			defaultConfigurationName = Release;
		};
		1F27C9912F7057CC004D4D1E /* Build configuration list for PBXNativeTarget "Pinpoint Accessibility Checker Extension (iOS)" */ = {
			isa = XCConfigurationList;
			buildConfigurations = (
				1F27C9922F7057CC004D4D1E /* Debug */,
				1F27C9932F7057CC004D4D1E /* Release */,
			);
			defaultConfigurationIsVisible = 0;
			defaultConfigurationName = Release;
		};
		1F27C9952F7057CC004D4D1E /* Build configuration list for PBXNativeTarget "Pinpoint Accessibility Checker (iOS)" */ = {
			isa = XCConfigurationList;
			buildConfigurations = (
				1F27C9962F7057CC004D4D1E /* Debug */,
				1F27C9972F7057CC004D4D1E /* Release */,
			);
			defaultConfigurationIsVisible = 0;
			defaultConfigurationName = Release;
		};
		1F27C9982F7057CC004D4D1E /* Build configuration list for PBXNativeTarget "Pinpoint Accessibility Checker Extension (macOS)" */ = {
			isa = XCConfigurationList;
			buildConfigurations = (
				1F27C9992F7057CC004D4D1E /* Debug */,
				1F27C99A2F7057CC004D4D1E /* Release */,
			);
			defaultConfigurationIsVisible = 0;
			defaultConfigurationName = Release;
		};
		1F27C99C2F7057CC004D4D1E /* Build configuration list for PBXNativeTarget "Pinpoint Accessibility Checker (macOS)" */ = {
			isa = XCConfigurationList;
			buildConfigurations = (
				1F27C99D2F7057CC004D4D1E /* Debug */,
				1F27C99E2F7057CC004D4D1E /* Release */,
			);
			defaultConfigurationIsVisible = 0;
			defaultConfigurationName = Release;
		};
/* End XCConfigurationList section */
	};
	rootObject = 1F27C9402F7057CB004D4D1E /* Project object */;
}
